{
  "nodes": {
    "macvdmtool-src": {
      "flake": false,
      "locked": {
        "lastModified": 1773521079,
        "narHash": "sha256-df+aK3id7bhgArwWMw26JWLwDRyIIFzKaRUqOfg6o2c=",
        "owner": "AsahiLinux",
        "repo": "macvdmtool",
        "rev": "b22ae51eb43a0e1daa21d41616ac899f28e7bf8a",
        "type": "github"
      },
      "original": {
        "owner": "AsahiLinux",
        "repo": "macvdmtool",
        "rev": "b22ae51eb43a0e1daa21d41616ac899f28e7bf8a",
        "type": "github"
      }
    },
    "nixpkgs": {
      "locked": {
        "lastModified": 1784453100,
        "narHash": "sha256-zpGZb8FYui+i8KLtC0nlcmb0voR2zB80Qn8pe7lzIbk=",
        "owner": "NixOS",
        "repo": "nixpkgs",
        "rev": "b471514bed69eff5255c8e63c1f80e5fe56c616f",
        "type": "github"
      },
      "original": {
        "owner": "NixOS",
        "ref": "nixpkgs-unstable",
        "repo": "nixpkgs",
        "type": "github"
      }
    },
    "nixpkgs_2": {
      "locked": {
        "lastModified": 1780365719,
        "narHash": "sha256-QfWfccTN+70ZQ4m2qlU9PiKfz2Yppq94058iJyARNwc=",
        "owner": "NixOS",
        "repo": "nixpkgs",
        "rev": "ffa10e26ae11d676b2db836259889f1f571cb14f",
        "type": "github"
      },
      "original": {
        "owner": "NixOS",
        "ref": "nixpkgs-unstable",
        "repo": "nixpkgs",
        "type": "github"
      }
    },
    "root": {
      "inputs": {
        "macvdmtool-src": "macvdmtool-src",
        "nixpkgs": "nixpkgs",
        "scarlet-rust-toolchain": "scarlet-rust-toolchain",
        "scarlet-sdk": "scarlet-sdk"
      }
    },
    "rust-overlay": {
      "inputs": {
        "nixpkgs": [
          "scarlet-rust-toolchain",
          "nixpkgs"
        ]
      },
      "locked": {
        "lastModified": 1780715792,
        "narHash": "sha256-4+8gPeiPeud89mjo865RwpqmKwa1MThRsq2SvRxo7mg=",
        "owner": "oxalica",
        "repo": "rust-overlay",
        "rev": "27b7e78c6935293ee868469cc4172e9b8b17823b",
        "type": "github"
      },
      "original": {
        "owner": "oxalica",
        "repo": "rust-overlay",
        "type": "github"
      }
    },
    "scarlet-rust-toolchain": {
      "inputs": {
        "nixpkgs": "nixpkgs_2",
        "rust-overlay": "rust-overlay"
      },
      "locked": {
        "lastModified": 1781616333,
        "narHash": "sha256-oMWBZAa3GkcJHBkdcWcSf99x8Nu0azHa8ilvaLVP5Cc=",
        "owner": "petitstrawberry",
        "repo": "scarlet-rust-nix",
        "rev": "4aabad72da5827cdc992b51c671effed586015fb",
        "type": "github"
      },
      "original": {
        "owner": "petitstrawberry",
        "repo": "scarlet-rust-nix",
        "type": "github"
      }
    },
    "scarlet-sdk": {
      "flake": false,
      "locked": {
        "lastModified": 1786175829,
        "narHash": "sha256-Sg0KfnnJuukvmLaSKLJXEhkIC2RhM1GRAfB1U7srhHA=",
        "owner": "petitstrawberry",
        "repo": "scarlet-sdk",
        "rev": "a27a10a04452ecef3cbce65367d73e09ac91e264",
        "type": "github"
      },
      "original": {
        "owner": "petitstrawberry",
        "repo": "scarlet-sdk",
        "type": "github"
      }
    }
  },
  "root": "root",
  "version": 7
}
