# Generated by cargo-scarlet — do not edit

[sections.boot]
hash = "sha256:8a210cd8c03f359136e37531c015c33dc31fa5f32ca2f9c813bd199460eb65f3"
layers = []

[sections.initramfs]
hash = "sha256:41d624033e3b05c77a10109286cdeb93f9498ba70e5a7645710a91121e7973da"

[[sections.initramfs.layers]]
kind = "cargo"
package = "user-bin"
bin = "init"
to = "/system/scarlet/bin/init"
hash = "sha256:160fe277cbf4d9058df3a10a528e87f3ebecf4b625694cca4036e90ad5fef09d"

[sections.initramfs.layers.source]
type = "path"
path = ".scarlet/cache/git/3a6ec0c32bdfd41b/user/bin"

[[sections.initramfs.layers]]
kind = "cargo"
package = "user-bin"
bin = "sh"
to = "/system/scarlet/bin/sh"
hash = "sha256:4a36c4ce4b8442efac01018b4d651ff0c7b18470e5e5e1c00a6ceb8d32924bd7"

[sections.initramfs.layers.source]
type = "path"
path = ".scarlet/cache/git/3a6ec0c32bdfd41b/user/bin"

[[sections.initramfs.layers]]
kind = "cargo"
package = "user-bin"
bin = "login"
to = "/system/scarlet/bin/login"
hash = "sha256:bbaa901ac0c4479b9de0f52c11a91383012154a570d3d55a274b676e35d3e923"

[sections.initramfs.layers.source]
type = "path"
path = ".scarlet/cache/git/3a6ec0c32bdfd41b/user/bin"

[[sections.initramfs.layers]]
kind = "cargo"
package = "user-bin"
bin = "stemd"
to = "/system/scarlet/bin/stemd"
hash = "sha256:e34770680988c3e85141505ef54b95af7202264ada182f80b778300d2c628c77"

[sections.initramfs.layers.source]
type = "path"
path = ".scarlet/cache/git/3a6ec0c32bdfd41b/user/bin"

[[sections.initramfs.layers]]
kind = "cargo"
package = "user-bin"
bin = "sbusd"
to = "/system/scarlet/bin/sbusd"
hash = "sha256:4892838adf9fae12ce80b4b089caecf7ef2dbccf794b5dd6c328bce67e3f1467"

[sections.initramfs.layers.source]
type = "path"
path = ".scarlet/cache/git/3a6ec0c32bdfd41b/user/bin"

[[sections.initramfs.layers]]
kind = "cargo"
bin = "hello"
to = "/system/scarlet/bin/hello"
hash = "sha256:ad3331bddbc5e5340d0eef8ac436d232895489bdf78f6303a074742a5713636f"

[sections.initramfs.layers.source]
type = "path"
path = ".scarlet/cache/git/3a6ec0c32bdfd41b/user/std-bin"

[[sections.initramfs.layers]]
kind = "cargo"
package = "user-bin"
bin = "ps"
to = "/system/scarlet/bin/ps"
hash = "sha256:125b7058c4afa26a687c1d02f7570aed9ca0a3c0300f60bbc43e284a07afc447"

[sections.initramfs.layers.source]
type = "path"
path = ".scarlet/cache/git/3a6ec0c32bdfd41b/user/bin"

[[sections.initramfs.layers]]
kind = "cargo"
package = "user-bin"
bin = "shutdown"
to = "/system/scarlet/bin/shutdown"
hash = "sha256:c0c1a59ecc214da89fe201f4821d7f2a8d759ef5a4028053a3eca6745c367630"

[sections.initramfs.layers.source]
type = "path"
path = ".scarlet/cache/git/3a6ec0c32bdfd41b/user/bin"

[[sections.initramfs.layers]]
kind = "cargo"
package = "scarlet-std-bin"
bin = "top"
to = "/system/scarlet/bin/top"
hash = "sha256:2aed033fa5548d964dbe422e3a9888ee3151660d2341075da6c5ca99d5fff93e"

[sections.initramfs.layers.source]
type = "path"
path = ".scarlet/cache/git/3a6ec0c32bdfd41b/user/std-bin"

[[sections.initramfs.layers]]
kind = "cargo"
package = "user-bin"
bin = "scpm"
to = "/system/scarlet/bin/scpm"
hash = "sha256:5eaabc6d3eeb238ffc6c9eb03812e4ecf1daddd8c5c41bae781cc51fb88a57f2"

[sections.initramfs.layers.source]
type = "path"
path = ".scarlet/cache/git/3a6ec0c32bdfd41b/user/bin"

[[sections.initramfs.layers]]
kind = "cargo"
package = "user-bin"
bin = "netcfgd"
to = "/system/scarlet/bin/netcfgd"
hash = "sha256:eb02550402eb3ae719594d42335999f34d5b699813cf788c2c39e7fac6b2e9f4"

[sections.initramfs.layers.source]
type = "path"
path = ".scarlet/cache/git/3a6ec0c32bdfd41b/user/bin"

[[sections.initramfs.layers]]
kind = "cargo"
bin = "resolverd"
to = "/system/scarlet/bin/resolverd"
hash = "sha256:89b3f684f88bf7189683c6624a2fd7b600845d1df3cf20144e00cce5f7b0e596"

[sections.initramfs.layers.source]
type = "path"
path = ".scarlet/cache/git/3a6ec0c32bdfd41b/user/std-bin"

[[sections.initramfs.layers]]
kind = "cargo"
bin = "ls"
to = "/system/scarlet/bin/ls"
hash = "sha256:cc45c79206e33ed45f6b936266cf1f109cb12133637bb591e7ad7ea3ce6a8c34"

[sections.initramfs.layers.source]
type = "path"
path = ".scarlet/cache/git/3a6ec0c32bdfd41b/user/std-bin"

[[sections.initramfs.layers]]
kind = "cargo"
bin = "cat"
to = "/system/scarlet/bin/cat"
hash = "sha256:6c4ca11c037a90615d8e3967c1555aeee16ef126e1919c3121aa283b1db5e127"

[sections.initramfs.layers.source]
type = "path"
path = ".scarlet/cache/git/3a6ec0c32bdfd41b/user/std-bin"

[[sections.initramfs.layers]]
kind = "cargo"
bin = "rm"
to = "/system/scarlet/bin/rm"
hash = "sha256:92d3c938f7ebeb35421ca8eb9ba56af67d66eea810b08ca0b2e9f420e75e4b0a"

[sections.initramfs.layers.source]
type = "path"
path = ".scarlet/cache/git/3a6ec0c32bdfd41b/user/std-bin"

[[sections.initramfs.layers]]
kind = "cargo"
bin = "resolve"
to = "/system/scarlet/bin/resolve"
hash = "sha256:5d443f48549cca8b622a9298dfcfba35c3495fae5ef4e33aad286ff7f262ca69"

[sections.initramfs.layers.source]
type = "path"
path = ".scarlet/cache/git/3a6ec0c32bdfd41b/user/std-bin"

[[sections.initramfs.layers]]
kind = "cargo"
package = "user-bin"
bin = "ping"
to = "/system/scarlet/bin/ping"
hash = "sha256:de5f7cd663120baa9f7fc0881d345d0f9f87794216370df1d80d1cc8af3ff317"

[sections.initramfs.layers.source]
type = "path"
path = ".scarlet/cache/git/3a6ec0c32bdfd41b/user/bin"

[[sections.initramfs.layers]]
kind = "cargo"
package = "user-bin"
bin = "netcfg"
to = "/system/scarlet/bin/netcfg"
hash = "sha256:471483cfbcf4813658b6c8db5ea9d27f71577e9fc28c04e89bbce0c7e573afe2"

[sections.initramfs.layers.source]
type = "path"
path = ".scarlet/cache/git/3a6ec0c32bdfd41b/user/bin"

[[sections.initramfs.layers]]
kind = "cargo"
bin = "watch"
to = "/system/scarlet/bin/watch"
hash = "sha256:97f084750310285b0d524b8d561c2ec67a24e0fd042609abd66fc68e4690f42f"

[sections.initramfs.layers.source]
type = "path"
path = ".scarlet/cache/git/3a6ec0c32bdfd41b/user/std-bin"

[[sections.initramfs.layers]]
kind = "cargo"
bin = "date"
to = "/system/scarlet/bin/date"
hash = "sha256:64a9207be72c5b3f51c265b7120c5d5fc499f69376bc3c239ed6d8df70cf3ec4"

[sections.initramfs.layers.source]
type = "path"
path = ".scarlet/cache/git/3a6ec0c32bdfd41b/user/std-bin"

[[sections.initramfs.layers]]
kind = "cargo"
package = "user-bin"
bin = "fb_test"
to = "/system/scarlet/bin/fb_test"
hash = "sha256:f536dcaff4edb29023f7f609a389451b7861ffc3e8ae9a9220dbca7c4e1f0bdf"

[sections.initramfs.layers.source]
type = "path"
path = ".scarlet/cache/git/3a6ec0c32bdfd41b/user/bin"

[[sections.initramfs.layers]]
kind = "cargo"
package = "user-bin"
bin = "scarlet_desktop"
to = "/system/scarlet/bin/scarlet_desktop"
hash = "sha256:0ff55a99146ea88377b58c3f0d00761e2fe797e0db8fbf311dadb43f2b060e6a"

[sections.initramfs.layers.source]
type = "path"
path = ".scarlet/cache/git/3a6ec0c32bdfd41b/user/bin"

[[sections.initramfs.layers]]
kind = "cargo"
package = "user-bin"
bin = "desktop-background"
to = "/system/scarlet/bin/desktop-background"
hash = "sha256:edd15b2bcae9321b2d91898e227b7a2ca6911daa272e842b60d28f5450ad89b7"

[sections.initramfs.layers.source]
type = "path"
path = ".scarlet/cache/git/3a6ec0c32bdfd41b/user/bin"

[[sections.initramfs.layers]]
kind = "cargo"
package = "user-bin"
bin = "desktop-settings"
to = "/system/scarlet/bin/desktop-settings"
hash = "sha256:b86ddce21b0b1c3f785708cb63ed32cc12629675b57c56776a45376c32fd2369"

[sections.initramfs.layers.source]
type = "path"
path = ".scarlet/cache/git/3a6ec0c32bdfd41b/user/bin"

[[sections.initramfs.layers]]
kind = "cargo"
package = "scarlet-std-bin"
bin = "files"
to = "/system/scarlet/bin/files"
hash = "sha256:bb74f0f621423d8c5bab37789ed0c0145d1199425089dd16eac17f15ef90e6d6"

[sections.initramfs.layers.source]
type = "path"
path = ".scarlet/cache/git/3a6ec0c32bdfd41b/user/std-bin"

[[sections.initramfs.layers]]
kind = "cargo"
package = "scarlet-std-bin"
bin = "launcher"
to = "/system/scarlet/bin/launcher"
hash = "sha256:021e82892dc2db253837799635507c4996d6f2704d91abd9a56b1e00d55b4114"

[sections.initramfs.layers.source]
type = "path"
path = ".scarlet/cache/git/3a6ec0c32bdfd41b/user/std-bin"

[[sections.initramfs.layers]]
kind = "cargo"
package = "scarlet-std-bin"
bin = "notepad"
to = "/system/scarlet/bin/notepad"
hash = "sha256:7fb6b3cfc8e359df44fcc6d00cc99ffd7a873ec82a0818328f48875f8b0072fb"

[sections.initramfs.layers.source]
type = "path"
path = ".scarlet/cache/git/3a6ec0c32bdfd41b/user/std-bin"

[[sections.initramfs.layers]]
kind = "cargo"
package = "user-bin"
bin = "taskbar"
to = "/system/scarlet/bin/taskbar"
hash = "sha256:cc7e8b8b1b58e74d36d6942743c472731a9fbd4e7a3d714ca78043ee12461f60"

[sections.initramfs.layers.source]
type = "path"
path = ".scarlet/cache/git/3a6ec0c32bdfd41b/user/bin"

[[sections.initramfs.layers]]
kind = "cargo"
package = "user-bin"
bin = "terminal"
to = "/system/scarlet/bin/terminal"
hash = "sha256:20224eb38da0d39e1bff76f551464d99744d7fed4a6349f503e673263a145bb3"

[sections.initramfs.layers.source]
type = "path"
path = ".scarlet/cache/git/3a6ec0c32bdfd41b/user/bin"

[[sections.initramfs.layers]]
kind = "cargo"
package = "user-bin"
bin = "sws"
to = "/system/scarlet/bin/sws"
hash = "sha256:09bd4784c3d110a94d498a376b1a92fe8cfd82f8827ce7e3194fc08956b67ac4"

[sections.initramfs.layers.source]
type = "path"
path = ".scarlet/cache/git/3a6ec0c32bdfd41b/user/bin"

[[sections.initramfs.layers]]
kind = "cargo"
package = "user-bin"
bin = "sas"
to = "/system/scarlet/bin/sas"
hash = "sha256:9c4e734779c22157b112b2e50eb58f14878e1a2adc60111fadfdee8547c96d68"

[sections.initramfs.layers.source]
type = "path"
path = ".scarlet/cache/git/3a6ec0c32bdfd41b/user/bin"

[[sections.initramfs.layers]]
kind = "cargo"
bin = "sasctl"
to = "/system/scarlet/bin/sasctl"
hash = "sha256:3d9c62c9ca2be60eef5bfeaf5e0dd9a34c5154a518d5e92922868356fb647601"

[sections.initramfs.layers.source]
type = "path"
path = ".scarlet/cache/git/3a6ec0c32bdfd41b/user/std-bin"

[[sections.initramfs.layers]]
kind = "cargo"
package = "user-bin"
bin = "mplayer"
to = "/system/scarlet/bin/mplayer"
hash = "sha256:0dffca3198dd95d15c7970d5fc5e0442a171bf4533a3087543a215c8ca6caa49"

[sections.initramfs.layers.source]
type = "path"
path = ".scarlet/cache/git/3a6ec0c32bdfd41b/user/bin"

[[sections.initramfs.layers]]
kind = "cargo"
package = "user-bin"
bin = "ui-demo"
to = "/system/scarlet/bin/ui-demo"
hash = "sha256:fb21e95262521b2cd1fbdb9767936a7611e0b3ac9994a6ef6e9dfba4311e3e41"

[sections.initramfs.layers.source]
type = "path"
path = ".scarlet/cache/git/3a6ec0c32bdfd41b/user/bin"

[[sections.initramfs.layers]]
kind = "cargo"
package = "user-bin"
bin = "ui-benchmark"
to = "/system/scarlet/bin/ui-benchmark"
hash = "sha256:d7c6c2247438c6c597fc8fd8ad3f7679491dbe78c17013d3d2e2691a601a18fe"

[sections.initramfs.layers.source]
type = "path"
path = ".scarlet/cache/git/3a6ec0c32bdfd41b/user/bin"

[[sections.initramfs.layers]]
kind = "cargo"
git = "https://github.com/petitstrawberry/scarlet-ui"
resolved_rev = "1939d5975c3615a3cc945e1e0efa9ce30be48d14"
package = "scarlet-ui-widget-factory"
bin = "scarlet-ui-widget-factory"
subdir = "examples/widget-factory"
to = "/system/scarlet/bin/widget_factory"
hash = "sha256:72e5d1ae206490fd60cf0d40949390fa8a4887127482107a62f5ca91233058a1"

[sections.initramfs.layers.source]
type = "git"
url = "https://github.com/petitstrawberry/scarlet-ui"
rev = "1939d5975c3615a3cc945e1e0efa9ce30be48d14"

[[sections.initramfs.layers]]
kind = "cargo"
bin = "ui-sgfx-showcase"
to = "/system/scarlet/bin/ui-sgfx-showcase"
hash = "sha256:a142431911d5cf54afa7db9923f598b5c2ff23b2aec88404e71a6f5ff9173357"

[sections.initramfs.layers.source]
type = "path"
path = ".scarlet/cache/git/3a6ec0c32bdfd41b/user/std-bin"

[[sections.initramfs.layers]]
kind = "cargo"
package = "user-bin"
bin = "pdfview"
to = "/system/scarlet/bin/pdfview"
hash = "sha256:83cd1dd0822c6be761a304ca4946d1572a19d2053ed94f6e06f9cb1badc11760"

[sections.initramfs.layers.source]
type = "path"
path = ".scarlet/cache/git/3a6ec0c32bdfd41b/user/bin"

[[sections.initramfs.layers]]
kind = "cargo"
package = "user-bin"
bin = "settings"
to = "/system/scarlet/bin/settings"
hash = "sha256:28acffb0bb8d22bdab9eaf92225007479e1230c3793872e7ab06a3cfd1080382"

[sections.initramfs.layers.source]
type = "path"
path = ".scarlet/cache/git/3a6ec0c32bdfd41b/user/bin"

[[sections.initramfs.layers]]
kind = "cargo"
bin = "task_manager"
to = "/system/scarlet/bin/task_manager"
hash = "sha256:10a3c59d98ba6b8e960a961919791aaf7727503408bae237c8e0957a90438c00"

[sections.initramfs.layers.source]
type = "path"
path = ".scarlet/cache/git/3a6ec0c32bdfd41b/user/std-bin"

[[sections.initramfs.layers]]
kind = "cargo"
package = "user-bin"
bin = "scarlet_skk"
to = "/system/scarlet/bin/scarlet_skk"
hash = "sha256:01592d113ba6c6ea0451623d4604bd631e83824a331ba604c9cd7f8b93085cd6"

[sections.initramfs.layers.source]
type = "path"
path = ".scarlet/cache/git/3a6ec0c32bdfd41b/user/bin"

[[sections.initramfs.layers]]
kind = "script"
to = "/system/scarlet/share/skk/SKK-JISYO.L"
output = ".scarlet/cache/git/3a6ec0c32bdfd41b/bundles/desktop/.scarlet/cache/skk/SKK-JISYO.L"
hash = "sha256:cb3638df4cf621359db4e5aca385deae3cd0e681540da1c788d004374d261a42"

[sections.initramfs.layers.source]
type = "path"
path = ".scarlet/cache/git/3a6ec0c32bdfd41b/bundles/desktop/tools/fetch_skk_dictionary.sh"

[[sections.initramfs.layers]]
kind = "cargo"
package = "user-bin"
bin = "wayland_bridge"
to = "/system/scarlet/bin/wayland_bridge"
hash = "sha256:c988672e72be38f4796eb9e7a3d8fe3119f9980ec1508aa9a9837cb5c6420805"

[sections.initramfs.layers.source]
type = "path"
path = ".scarlet/cache/git/3a6ec0c32bdfd41b/user/bin"

[[sections.initramfs.layers]]
kind = "cargo"
bin = "ansi_banner"
to = "/system/scarlet/bin/ansi_banner"
hash = "sha256:df165bb2e3119c5576c222250bd68b5afb126eb12eebaa21fafcc25002d1bc26"

[sections.initramfs.layers.source]
type = "path"
path = ".scarlet/cache/git/3a6ec0c32bdfd41b/user/std-bin"

[[sections.initramfs.layers]]
kind = "cargo"
package = "video_player"
bin = "video_player"
features = [
    "av1-stateful-hw",
    "h264-stateful-hw",
    "mp4-aac",
]
default-features = false
to = "/system/scarlet/bin/video_player"
hash = "sha256:7ece505f301afe0785930fd8cb4d03c239331966da367bd4adbb59eca1fde895"

[sections.initramfs.layers.source]
type = "path"
path = ".scarlet/cache/git/3a6ec0c32bdfd41b/user/video_player"

[[sections.initramfs.layers]]
kind = "cargo"
package = "user-bin"
bin = "sgfx_probe"
to = "/system/scarlet/bin/sgfx_probe"
hash = "sha256:9d064b687751b63585d77ab5f6f3f17620a262917b8d75a668a74215d799445c"

[sections.initramfs.layers.source]
type = "path"
path = ".scarlet/cache/git/3a6ec0c32bdfd41b/user/bin"

[[sections.initramfs.layers]]
kind = "cargo"
bin = "sgfx_cube"
to = "/system/scarlet/bin/sgfx_cube"
hash = "sha256:22069fa9739d965fb2172f8a8df06fa1164bf6c8f8b621e1551976cbd99972e4"

[sections.initramfs.layers.source]
type = "path"
path = ".scarlet/cache/git/3a6ec0c32bdfd41b/user/std-bin"

[[sections.initramfs.layers]]
kind = "cargo"
bin = "sgfx_texture"
to = "/system/scarlet/bin/sgfx_texture"
hash = "sha256:53fbeae0f6f3ee2134343ddc498c59ae2bcf637df7697f8cdb607d4c54480e5a"

[sections.initramfs.layers.source]
type = "path"
path = ".scarlet/cache/git/3a6ec0c32bdfd41b/user/std-bin"

[[sections.initramfs.layers]]
kind = "cargo"
bin = "sgfx_showcase"
to = "/system/scarlet/bin/sgfx_showcase"
hash = "sha256:522c864469e32407211ff2feb9a04e57602a9974bb01dbfcfbc27f4957c8416c"

[sections.initramfs.layers.source]
type = "path"
path = ".scarlet/cache/git/3a6ec0c32bdfd41b/user/std-bin"

[[sections.initramfs.layers]]
kind = "cargo"
bin = "httpd"
to = "/system/scarlet/bin/httpd"
hash = "sha256:0c377e2d42876d6babd89a06e0dbea679eff5d59c227043f726581fe44e89512"

[sections.initramfs.layers.source]
type = "path"
path = ".scarlet/cache/git/3a6ec0c32bdfd41b/user/std-bin"

[[sections.initramfs.layers]]
kind = "cargo"
package = "user-bin"
bin = "ushv"
to = "/system/scarlet/bin/ushv"
hash = "sha256:84d09c11a800698501a3a16559ab6091b45b905363e107a717f232795835abaa"

[sections.initramfs.layers.source]
type = "path"
path = ".scarlet/cache/git/3a6ec0c32bdfd41b/user/bin"

[[sections.initramfs.layers]]
kind = "cargo"
bin = "lsm_list"
to = "/system/scarlet/bin/lsm_list"
hash = "sha256:ef4e7e118517b087cf0598396c5fe5be2272a20c8a8344df403d7f44c02095d8"

[sections.initramfs.layers.source]
type = "path"
path = ".scarlet/cache/git/3a6ec0c32bdfd41b/user/std-bin"

[[sections.initramfs.layers]]
kind = "cargo"
bin = "clock"
to = "/system/scarlet/bin/clock"
hash = "sha256:c19c257f3061210dd9afe90e9b7380f1584b814fb84ba438085f957801a1e973"

[sections.initramfs.layers.source]
type = "path"
path = ".scarlet/cache/git/3a6ec0c32bdfd41b/user/std-bin"

[[sections.initramfs.layers]]
kind = "cargo"
bin = "lsm_load"
to = "/system/scarlet/bin/lsm_load"
hash = "sha256:ab596c1e147c6e89841e3102ac10bf49c00b4bcf5e6c3b5baff5a4ca0ceaa853"

[sections.initramfs.layers.source]
type = "path"
path = ".scarlet/cache/git/3a6ec0c32bdfd41b/user/std-bin"

[[sections.initramfs.layers]]
kind = "cargo"
bin = "lsm_unload"
to = "/system/scarlet/bin/lsm_unload"
hash = "sha256:7796a8073c367d38e5ac446ac3f915cf43f16a07781ac07890bee8475a504d2e"

[sections.initramfs.layers.source]
type = "path"
path = ".scarlet/cache/git/3a6ec0c32bdfd41b/user/std-bin"

[[sections.initramfs.layers]]
kind = "cargo"
bin = "input_dump"
to = "/system/scarlet/bin/input_dump"
hash = "sha256:2f4402f125f17fc470dd4e27ddf2d8dc11d9c7a099f69b830e1dd4a138051a82"

[sections.initramfs.layers.source]
type = "path"
path = ".scarlet/cache/git/3a6ec0c32bdfd41b/user/std-bin"

[[sections.initramfs.layers]]
kind = "cargo"
bin = "mozc_server"
to = "/system/scarlet/bin/mozc_server"
hash = "sha256:8e3d06e81ce0f647348a9177591d4194454e4ce256b6ae3da49ad45fecffd51e"

[sections.initramfs.layers.source]
type = "path"
path = ".scarlet/cache/git/3a6ec0c32bdfd41b/user/bin"

[[sections.initramfs.layers]]
kind = "cargo"
package = "user-bin"
bin = "scarlet_mozc"
to = "/system/scarlet/bin/scarlet_mozc"
hash = "sha256:63e30c9bedf3de71d72401968496fd7878980ef6e6cbbd5109b0cf51c300e9c2"

[sections.initramfs.layers.source]
type = "path"
path = ".scarlet/cache/git/3a6ec0c32bdfd41b/user/bin"

[[sections.initramfs.layers]]
kind = "cargo"
package = "user-bin"
bin = "dcp_flip_test"
to = "/system/scarlet/bin/dcp_flip_test"
hash = "sha256:e4b6a5d2bad44cf9fddab500fc6d42eb68d36834785f25ecbd0f083511c2ba45"

[sections.initramfs.layers.source]
type = "path"
path = ".scarlet/cache/git/3a6ec0c32bdfd41b/user/bin"

[[sections.initramfs.layers]]
kind = "cargo"
git = "https://github.com/petitstrawberry/carmine"
resolved_rev = "2686a761610b261b325d00d984bfb6bbd9cfbccf"
package = "carmine"
bin = "carmine"
to = "/system/scarlet/bin/carmine"
hash = "sha256:ec902f9524519a0a0fb54c2d05ce88d778e0f7b6edd0c7f34783a16e11acbb13"

[sections.initramfs.layers.source]
type = "git"
url = "https://github.com/petitstrawberry/carmine"
rev = "2686a761610b261b325d00d984bfb6bbd9cfbccf"

[sections.rootfs]
hash = "sha256:abce2aedb61f8d111e88f479fa8c5251aab28021ceaecad0e2b24f3b442e5979"

[[sections.rootfs.layers]]
kind = "cargo"
package = "user-bin"
bin = "init"
to = "/system/scarlet/bin/init"
hash = "sha256:160fe277cbf4d9058df3a10a528e87f3ebecf4b625694cca4036e90ad5fef09d"

[sections.rootfs.layers.source]
type = "path"
path = ".scarlet/cache/git/3a6ec0c32bdfd41b/user/bin"

[[sections.rootfs.layers]]
kind = "cargo"
package = "user-bin"
bin = "sh"
to = "/system/scarlet/bin/sh"
hash = "sha256:4a36c4ce4b8442efac01018b4d651ff0c7b18470e5e5e1c00a6ceb8d32924bd7"

[sections.rootfs.layers.source]
type = "path"
path = ".scarlet/cache/git/3a6ec0c32bdfd41b/user/bin"

[[sections.rootfs.layers]]
kind = "cargo"
package = "user-bin"
bin = "login"
to = "/system/scarlet/bin/login"
hash = "sha256:bbaa901ac0c4479b9de0f52c11a91383012154a570d3d55a274b676e35d3e923"

[sections.rootfs.layers.source]
type = "path"
path = ".scarlet/cache/git/3a6ec0c32bdfd41b/user/bin"

[[sections.rootfs.layers]]
kind = "cargo"
package = "user-bin"
bin = "stemd"
to = "/system/scarlet/bin/stemd"
hash = "sha256:e34770680988c3e85141505ef54b95af7202264ada182f80b778300d2c628c77"

[sections.rootfs.layers.source]
type = "path"
path = ".scarlet/cache/git/3a6ec0c32bdfd41b/user/bin"

[[sections.rootfs.layers]]
kind = "cargo"
package = "user-bin"
bin = "sbusd"
to = "/system/scarlet/bin/sbusd"
hash = "sha256:4892838adf9fae12ce80b4b089caecf7ef2dbccf794b5dd6c328bce67e3f1467"

[sections.rootfs.layers.source]
type = "path"
path = ".scarlet/cache/git/3a6ec0c32bdfd41b/user/bin"

[[sections.rootfs.layers]]
kind = "cargo"
bin = "hello"
to = "/system/scarlet/bin/hello"
hash = "sha256:ad3331bddbc5e5340d0eef8ac436d232895489bdf78f6303a074742a5713636f"

[sections.rootfs.layers.source]
type = "path"
path = ".scarlet/cache/git/3a6ec0c32bdfd41b/user/std-bin"

[[sections.rootfs.layers]]
kind = "cargo"
package = "user-bin"
bin = "ps"
to = "/system/scarlet/bin/ps"
hash = "sha256:125b7058c4afa26a687c1d02f7570aed9ca0a3c0300f60bbc43e284a07afc447"

[sections.rootfs.layers.source]
type = "path"
path = ".scarlet/cache/git/3a6ec0c32bdfd41b/user/bin"

[[sections.rootfs.layers]]
kind = "cargo"
package = "user-bin"
bin = "shutdown"
to = "/system/scarlet/bin/shutdown"
hash = "sha256:c0c1a59ecc214da89fe201f4821d7f2a8d759ef5a4028053a3eca6745c367630"

[sections.rootfs.layers.source]
type = "path"
path = ".scarlet/cache/git/3a6ec0c32bdfd41b/user/bin"

[[sections.rootfs.layers]]
kind = "cargo"
package = "scarlet-std-bin"
bin = "top"
to = "/system/scarlet/bin/top"
hash = "sha256:2aed033fa5548d964dbe422e3a9888ee3151660d2341075da6c5ca99d5fff93e"

[sections.rootfs.layers.source]
type = "path"
path = ".scarlet/cache/git/3a6ec0c32bdfd41b/user/std-bin"

[[sections.rootfs.layers]]
kind = "cargo"
package = "user-bin"
bin = "scpm"
to = "/system/scarlet/bin/scpm"
hash = "sha256:5eaabc6d3eeb238ffc6c9eb03812e4ecf1daddd8c5c41bae781cc51fb88a57f2"

[sections.rootfs.layers.source]
type = "path"
path = ".scarlet/cache/git/3a6ec0c32bdfd41b/user/bin"

[[sections.rootfs.layers]]
kind = "cargo"
package = "user-bin"
bin = "netcfgd"
to = "/system/scarlet/bin/netcfgd"
hash = "sha256:eb02550402eb3ae719594d42335999f34d5b699813cf788c2c39e7fac6b2e9f4"

[sections.rootfs.layers.source]
type = "path"
path = ".scarlet/cache/git/3a6ec0c32bdfd41b/user/bin"

[[sections.rootfs.layers]]
kind = "cargo"
bin = "resolverd"
to = "/system/scarlet/bin/resolverd"
hash = "sha256:89b3f684f88bf7189683c6624a2fd7b600845d1df3cf20144e00cce5f7b0e596"

[sections.rootfs.layers.source]
type = "path"
path = ".scarlet/cache/git/3a6ec0c32bdfd41b/user/std-bin"

[[sections.rootfs.layers]]
kind = "cargo"
bin = "ls"
to = "/system/scarlet/bin/ls"
hash = "sha256:cc45c79206e33ed45f6b936266cf1f109cb12133637bb591e7ad7ea3ce6a8c34"

[sections.rootfs.layers.source]
type = "path"
path = ".scarlet/cache/git/3a6ec0c32bdfd41b/user/std-bin"

[[sections.rootfs.layers]]
kind = "cargo"
bin = "cat"
to = "/system/scarlet/bin/cat"
hash = "sha256:6c4ca11c037a90615d8e3967c1555aeee16ef126e1919c3121aa283b1db5e127"

[sections.rootfs.layers.source]
type = "path"
path = ".scarlet/cache/git/3a6ec0c32bdfd41b/user/std-bin"

[[sections.rootfs.layers]]
kind = "cargo"
bin = "rm"
to = "/system/scarlet/bin/rm"
hash = "sha256:92d3c938f7ebeb35421ca8eb9ba56af67d66eea810b08ca0b2e9f420e75e4b0a"

[sections.rootfs.layers.source]
type = "path"
path = ".scarlet/cache/git/3a6ec0c32bdfd41b/user/std-bin"

[[sections.rootfs.layers]]
kind = "cargo"
bin = "resolve"
to = "/system/scarlet/bin/resolve"
hash = "sha256:5d443f48549cca8b622a9298dfcfba35c3495fae5ef4e33aad286ff7f262ca69"

[sections.rootfs.layers.source]
type = "path"
path = ".scarlet/cache/git/3a6ec0c32bdfd41b/user/std-bin"

[[sections.rootfs.layers]]
kind = "cargo"
package = "user-bin"
bin = "ping"
to = "/system/scarlet/bin/ping"
hash = "sha256:de5f7cd663120baa9f7fc0881d345d0f9f87794216370df1d80d1cc8af3ff317"

[sections.rootfs.layers.source]
type = "path"
path = ".scarlet/cache/git/3a6ec0c32bdfd41b/user/bin"

[[sections.rootfs.layers]]
kind = "cargo"
package = "user-bin"
bin = "netcfg"
to = "/system/scarlet/bin/netcfg"
hash = "sha256:471483cfbcf4813658b6c8db5ea9d27f71577e9fc28c04e89bbce0c7e573afe2"

[sections.rootfs.layers.source]
type = "path"
path = ".scarlet/cache/git/3a6ec0c32bdfd41b/user/bin"

[[sections.rootfs.layers]]
kind = "cargo"
bin = "watch"
to = "/system/scarlet/bin/watch"
hash = "sha256:97f084750310285b0d524b8d561c2ec67a24e0fd042609abd66fc68e4690f42f"

[sections.rootfs.layers.source]
type = "path"
path = ".scarlet/cache/git/3a6ec0c32bdfd41b/user/std-bin"

[[sections.rootfs.layers]]
kind = "cargo"
bin = "date"
to = "/system/scarlet/bin/date"
hash = "sha256:64a9207be72c5b3f51c265b7120c5d5fc499f69376bc3c239ed6d8df70cf3ec4"

[sections.rootfs.layers.source]
type = "path"
path = ".scarlet/cache/git/3a6ec0c32bdfd41b/user/std-bin"

[[sections.rootfs.layers]]
kind = "cargo"
package = "user-bin"
bin = "fb_test"
to = "/system/scarlet/bin/fb_test"
hash = "sha256:f536dcaff4edb29023f7f609a389451b7861ffc3e8ae9a9220dbca7c4e1f0bdf"

[sections.rootfs.layers.source]
type = "path"
path = ".scarlet/cache/git/3a6ec0c32bdfd41b/user/bin"

[[sections.rootfs.layers]]
kind = "cargo"
package = "user-bin"
bin = "scarlet_desktop"
to = "/system/scarlet/bin/scarlet_desktop"
hash = "sha256:0ff55a99146ea88377b58c3f0d00761e2fe797e0db8fbf311dadb43f2b060e6a"

[sections.rootfs.layers.source]
type = "path"
path = ".scarlet/cache/git/3a6ec0c32bdfd41b/user/bin"

[[sections.rootfs.layers]]
kind = "cargo"
package = "user-bin"
bin = "desktop-background"
to = "/system/scarlet/bin/desktop-background"
hash = "sha256:edd15b2bcae9321b2d91898e227b7a2ca6911daa272e842b60d28f5450ad89b7"

[sections.rootfs.layers.source]
type = "path"
path = ".scarlet/cache/git/3a6ec0c32bdfd41b/user/bin"

[[sections.rootfs.layers]]
kind = "cargo"
package = "user-bin"
bin = "desktop-settings"
to = "/system/scarlet/bin/desktop-settings"
hash = "sha256:b86ddce21b0b1c3f785708cb63ed32cc12629675b57c56776a45376c32fd2369"

[sections.rootfs.layers.source]
type = "path"
path = ".scarlet/cache/git/3a6ec0c32bdfd41b/user/bin"

[[sections.rootfs.layers]]
kind = "cargo"
package = "scarlet-std-bin"
bin = "files"
to = "/system/scarlet/bin/files"
hash = "sha256:bb74f0f621423d8c5bab37789ed0c0145d1199425089dd16eac17f15ef90e6d6"

[sections.rootfs.layers.source]
type = "path"
path = ".scarlet/cache/git/3a6ec0c32bdfd41b/user/std-bin"

[[sections.rootfs.layers]]
kind = "cargo"
package = "scarlet-std-bin"
bin = "launcher"
to = "/system/scarlet/bin/launcher"
hash = "sha256:021e82892dc2db253837799635507c4996d6f2704d91abd9a56b1e00d55b4114"

[sections.rootfs.layers.source]
type = "path"
path = ".scarlet/cache/git/3a6ec0c32bdfd41b/user/std-bin"

[[sections.rootfs.layers]]
kind = "cargo"
package = "scarlet-std-bin"
bin = "notepad"
to = "/system/scarlet/bin/notepad"
hash = "sha256:7fb6b3cfc8e359df44fcc6d00cc99ffd7a873ec82a0818328f48875f8b0072fb"

[sections.rootfs.layers.source]
type = "path"
path = ".scarlet/cache/git/3a6ec0c32bdfd41b/user/std-bin"

[[sections.rootfs.layers]]
kind = "cargo"
package = "user-bin"
bin = "taskbar"
to = "/system/scarlet/bin/taskbar"
hash = "sha256:cc7e8b8b1b58e74d36d6942743c472731a9fbd4e7a3d714ca78043ee12461f60"

[sections.rootfs.layers.source]
type = "path"
path = ".scarlet/cache/git/3a6ec0c32bdfd41b/user/bin"

[[sections.rootfs.layers]]
kind = "cargo"
package = "user-bin"
bin = "terminal"
to = "/system/scarlet/bin/terminal"
hash = "sha256:20224eb38da0d39e1bff76f551464d99744d7fed4a6349f503e673263a145bb3"

[sections.rootfs.layers.source]
type = "path"
path = ".scarlet/cache/git/3a6ec0c32bdfd41b/user/bin"

[[sections.rootfs.layers]]
kind = "cargo"
package = "user-bin"
bin = "sws"
to = "/system/scarlet/bin/sws"
hash = "sha256:09bd4784c3d110a94d498a376b1a92fe8cfd82f8827ce7e3194fc08956b67ac4"

[sections.rootfs.layers.source]
type = "path"
path = ".scarlet/cache/git/3a6ec0c32bdfd41b/user/bin"

[[sections.rootfs.layers]]
kind = "cargo"
package = "user-bin"
bin = "sas"
to = "/system/scarlet/bin/sas"
hash = "sha256:9c4e734779c22157b112b2e50eb58f14878e1a2adc60111fadfdee8547c96d68"

[sections.rootfs.layers.source]
type = "path"
path = ".scarlet/cache/git/3a6ec0c32bdfd41b/user/bin"

[[sections.rootfs.layers]]
kind = "cargo"
bin = "sasctl"
to = "/system/scarlet/bin/sasctl"
hash = "sha256:3d9c62c9ca2be60eef5bfeaf5e0dd9a34c5154a518d5e92922868356fb647601"

[sections.rootfs.layers.source]
type = "path"
path = ".scarlet/cache/git/3a6ec0c32bdfd41b/user/std-bin"

[[sections.rootfs.layers]]
kind = "cargo"
package = "user-bin"
bin = "mplayer"
to = "/system/scarlet/bin/mplayer"
hash = "sha256:0dffca3198dd95d15c7970d5fc5e0442a171bf4533a3087543a215c8ca6caa49"

[sections.rootfs.layers.source]
type = "path"
path = ".scarlet/cache/git/3a6ec0c32bdfd41b/user/bin"

[[sections.rootfs.layers]]
kind = "cargo"
package = "user-bin"
bin = "ui-demo"
to = "/system/scarlet/bin/ui-demo"
hash = "sha256:fb21e95262521b2cd1fbdb9767936a7611e0b3ac9994a6ef6e9dfba4311e3e41"

[sections.rootfs.layers.source]
type = "path"
path = ".scarlet/cache/git/3a6ec0c32bdfd41b/user/bin"

[[sections.rootfs.layers]]
kind = "cargo"
package = "user-bin"
bin = "ui-benchmark"
to = "/system/scarlet/bin/ui-benchmark"
hash = "sha256:d7c6c2247438c6c597fc8fd8ad3f7679491dbe78c17013d3d2e2691a601a18fe"

[sections.rootfs.layers.source]
type = "path"
path = ".scarlet/cache/git/3a6ec0c32bdfd41b/user/bin"

[[sections.rootfs.layers]]
kind = "cargo"
git = "https://github.com/petitstrawberry/scarlet-ui"
resolved_rev = "1939d5975c3615a3cc945e1e0efa9ce30be48d14"
package = "scarlet-ui-widget-factory"
bin = "scarlet-ui-widget-factory"
subdir = "examples/widget-factory"
to = "/system/scarlet/bin/widget_factory"
hash = "sha256:72e5d1ae206490fd60cf0d40949390fa8a4887127482107a62f5ca91233058a1"

[sections.rootfs.layers.source]
type = "git"
url = "https://github.com/petitstrawberry/scarlet-ui"
rev = "1939d5975c3615a3cc945e1e0efa9ce30be48d14"

[[sections.rootfs.layers]]
kind = "cargo"
bin = "ui-sgfx-showcase"
to = "/system/scarlet/bin/ui-sgfx-showcase"
hash = "sha256:a142431911d5cf54afa7db9923f598b5c2ff23b2aec88404e71a6f5ff9173357"

[sections.rootfs.layers.source]
type = "path"
path = ".scarlet/cache/git/3a6ec0c32bdfd41b/user/std-bin"

[[sections.rootfs.layers]]
kind = "cargo"
package = "user-bin"
bin = "pdfview"
to = "/system/scarlet/bin/pdfview"
hash = "sha256:83cd1dd0822c6be761a304ca4946d1572a19d2053ed94f6e06f9cb1badc11760"

[sections.rootfs.layers.source]
type = "path"
path = ".scarlet/cache/git/3a6ec0c32bdfd41b/user/bin"

[[sections.rootfs.layers]]
kind = "cargo"
package = "user-bin"
bin = "settings"
to = "/system/scarlet/bin/settings"
hash = "sha256:28acffb0bb8d22bdab9eaf92225007479e1230c3793872e7ab06a3cfd1080382"

[sections.rootfs.layers.source]
type = "path"
path = ".scarlet/cache/git/3a6ec0c32bdfd41b/user/bin"

[[sections.rootfs.layers]]
kind = "cargo"
bin = "task_manager"
to = "/system/scarlet/bin/task_manager"
hash = "sha256:10a3c59d98ba6b8e960a961919791aaf7727503408bae237c8e0957a90438c00"

[sections.rootfs.layers.source]
type = "path"
path = ".scarlet/cache/git/3a6ec0c32bdfd41b/user/std-bin"

[[sections.rootfs.layers]]
kind = "cargo"
package = "user-bin"
bin = "scarlet_skk"
to = "/system/scarlet/bin/scarlet_skk"
hash = "sha256:01592d113ba6c6ea0451623d4604bd631e83824a331ba604c9cd7f8b93085cd6"

[sections.rootfs.layers.source]
type = "path"
path = ".scarlet/cache/git/3a6ec0c32bdfd41b/user/bin"

[[sections.rootfs.layers]]
kind = "script"
to = "/system/scarlet/share/skk/SKK-JISYO.L"
output = ".scarlet/cache/git/3a6ec0c32bdfd41b/bundles/desktop/.scarlet/cache/skk/SKK-JISYO.L"
hash = "sha256:cb3638df4cf621359db4e5aca385deae3cd0e681540da1c788d004374d261a42"

[sections.rootfs.layers.source]
type = "path"
path = ".scarlet/cache/git/3a6ec0c32bdfd41b/bundles/desktop/tools/fetch_skk_dictionary.sh"

[[sections.rootfs.layers]]
kind = "cargo"
package = "user-bin"
bin = "wayland_bridge"
to = "/system/scarlet/bin/wayland_bridge"
hash = "sha256:c988672e72be38f4796eb9e7a3d8fe3119f9980ec1508aa9a9837cb5c6420805"

[sections.rootfs.layers.source]
type = "path"
path = ".scarlet/cache/git/3a6ec0c32bdfd41b/user/bin"

[[sections.rootfs.layers]]
kind = "cargo"
bin = "ansi_banner"
to = "/system/scarlet/bin/ansi_banner"
hash = "sha256:df165bb2e3119c5576c222250bd68b5afb126eb12eebaa21fafcc25002d1bc26"

[sections.rootfs.layers.source]
type = "path"
path = ".scarlet/cache/git/3a6ec0c32bdfd41b/user/std-bin"

[[sections.rootfs.layers]]
kind = "cargo"
package = "user-bin"
bin = "sgfx_probe"
to = "/system/scarlet/bin/sgfx_probe"
hash = "sha256:9d064b687751b63585d77ab5f6f3f17620a262917b8d75a668a74215d799445c"

[sections.rootfs.layers.source]
type = "path"
path = ".scarlet/cache/git/3a6ec0c32bdfd41b/user/bin"

[[sections.rootfs.layers]]
kind = "cargo"
bin = "sgfx_cube"
to = "/system/scarlet/bin/sgfx_cube"
hash = "sha256:22069fa9739d965fb2172f8a8df06fa1164bf6c8f8b621e1551976cbd99972e4"

[sections.rootfs.layers.source]
type = "path"
path = ".scarlet/cache/git/3a6ec0c32bdfd41b/user/std-bin"

[[sections.rootfs.layers]]
kind = "cargo"
bin = "sgfx_texture"
to = "/system/scarlet/bin/sgfx_texture"
hash = "sha256:53fbeae0f6f3ee2134343ddc498c59ae2bcf637df7697f8cdb607d4c54480e5a"

[sections.rootfs.layers.source]
type = "path"
path = ".scarlet/cache/git/3a6ec0c32bdfd41b/user/std-bin"

[[sections.rootfs.layers]]
kind = "cargo"
bin = "sgfx_showcase"
to = "/system/scarlet/bin/sgfx_showcase"
hash = "sha256:522c864469e32407211ff2feb9a04e57602a9974bb01dbfcfbc27f4957c8416c"

[sections.rootfs.layers.source]
type = "path"
path = ".scarlet/cache/git/3a6ec0c32bdfd41b/user/std-bin"

[[sections.rootfs.layers]]
kind = "cargo"
bin = "httpd"
to = "/system/scarlet/bin/httpd"
hash = "sha256:0c377e2d42876d6babd89a06e0dbea679eff5d59c227043f726581fe44e89512"

[sections.rootfs.layers.source]
type = "path"
path = ".scarlet/cache/git/3a6ec0c32bdfd41b/user/std-bin"

[[sections.rootfs.layers]]
kind = "cargo"
package = "user-bin"
bin = "ushv"
to = "/system/scarlet/bin/ushv"
hash = "sha256:84d09c11a800698501a3a16559ab6091b45b905363e107a717f232795835abaa"

[sections.rootfs.layers.source]
type = "path"
path = ".scarlet/cache/git/3a6ec0c32bdfd41b/user/bin"

[[sections.rootfs.layers]]
kind = "cargo"
bin = "lsm_list"
to = "/system/scarlet/bin/lsm_list"
hash = "sha256:ef4e7e118517b087cf0598396c5fe5be2272a20c8a8344df403d7f44c02095d8"

[sections.rootfs.layers.source]
type = "path"
path = ".scarlet/cache/git/3a6ec0c32bdfd41b/user/std-bin"

[[sections.rootfs.layers]]
kind = "cargo"
bin = "clock"
to = "/system/scarlet/bin/clock"
hash = "sha256:c19c257f3061210dd9afe90e9b7380f1584b814fb84ba438085f957801a1e973"

[sections.rootfs.layers.source]
type = "path"
path = ".scarlet/cache/git/3a6ec0c32bdfd41b/user/std-bin"

[[sections.rootfs.layers]]
kind = "cargo"
bin = "lsm_load"
to = "/system/scarlet/bin/lsm_load"
hash = "sha256:ab596c1e147c6e89841e3102ac10bf49c00b4bcf5e6c3b5baff5a4ca0ceaa853"

[sections.rootfs.layers.source]
type = "path"
path = ".scarlet/cache/git/3a6ec0c32bdfd41b/user/std-bin"

[[sections.rootfs.layers]]
kind = "cargo"
bin = "lsm_unload"
to = "/system/scarlet/bin/lsm_unload"
hash = "sha256:7796a8073c367d38e5ac446ac3f915cf43f16a07781ac07890bee8475a504d2e"

[sections.rootfs.layers.source]
type = "path"
path = ".scarlet/cache/git/3a6ec0c32bdfd41b/user/std-bin"

[[sections.rootfs.layers]]
kind = "cargo"
bin = "input_dump"
to = "/system/scarlet/bin/input_dump"
hash = "sha256:2f4402f125f17fc470dd4e27ddf2d8dc11d9c7a099f69b830e1dd4a138051a82"

[sections.rootfs.layers.source]
type = "path"
path = ".scarlet/cache/git/3a6ec0c32bdfd41b/user/std-bin"

[[sections.rootfs.layers]]
kind = "cargo"
bin = "mozc_server"
to = "/system/scarlet/bin/mozc_server"
hash = "sha256:8e3d06e81ce0f647348a9177591d4194454e4ce256b6ae3da49ad45fecffd51e"

[sections.rootfs.layers.source]
type = "path"
path = ".scarlet/cache/git/3a6ec0c32bdfd41b/user/bin"

[[sections.rootfs.layers]]
kind = "cargo"
package = "user-bin"
bin = "scarlet_mozc"
to = "/system/scarlet/bin/scarlet_mozc"
hash = "sha256:63e30c9bedf3de71d72401968496fd7878980ef6e6cbbd5109b0cf51c300e9c2"

[sections.rootfs.layers.source]
type = "path"
path = ".scarlet/cache/git/3a6ec0c32bdfd41b/user/bin"

[[sections.rootfs.layers]]
kind = "cargo"
package = "user-bin"
bin = "dcp_flip_test"
to = "/system/scarlet/bin/dcp_flip_test"
hash = "sha256:e4b6a5d2bad44cf9fddab500fc6d42eb68d36834785f25ecbd0f083511c2ba45"

[sections.rootfs.layers.source]
type = "path"
path = ".scarlet/cache/git/3a6ec0c32bdfd41b/user/bin"

[[sections.rootfs.layers]]
kind = "cargo"
git = "https://github.com/petitstrawberry/carmine"
resolved_rev = "2686a761610b261b325d00d984bfb6bbd9cfbccf"
package = "carmine"
bin = "carmine"
to = "/system/scarlet/bin/carmine"
hash = "sha256:ec902f9524519a0a0fb54c2d05ce88d778e0f7b6edd0c7f34783a16e11acbb13"

[sections.rootfs.layers.source]
type = "git"
url = "https://github.com/petitstrawberry/carmine"
rev = "2686a761610b261b325d00d984bfb6bbd9cfbccf"

[[sections.rootfs.layers]]
kind = "archive"
to = "/system/linux-aarch64"
format = "tar-zst"
strip_components = 1
hash = "sha256:4d94a1870a9be510987c61eb7371d35a7d31415ca49a56ecb8df74791a4e2eb0"

[sections.rootfs.layers.source]
type = "archive"
url = "https://github.com/petitstrawberry/scarlet-bundle-linux/releases/download/v0.1.0/rootfs-aarch64-v0.1.0.tar.zst"
sha256 = "sha256:4d94a1870a9be510987c61eb7371d35a7d31415ca49a56ecb8df74791a4e2eb0"

[[sections.rootfs.layers]]
kind = "archive"
to = "/system/linux-aarch64"
format = "tar-zst"
strip_components = 1
hash = "sha256:727f20be6a009329e0be7c627f4dd07904588825077e4c431c943d9555499c26"

[sections.rootfs.layers.source]
type = "archive"
url = "https://github.com/petitstrawberry/scarlet-bundle-linux/releases/download/v0.1.0/mozc-aarch64-v0.1.0.tar.zst"
sha256 = "sha256:727f20be6a009329e0be7c627f4dd07904588825077e4c431c943d9555499c26"

[[sections.rootfs.layers]]
kind = "cargo"
package = "video_player"
bin = "video_player"
features = [
    "av1-stateful-hw",
    "h264-stateful-hw",
    "h264-stateless-hw",
    "mp4-aac",
]
default-features = false
to = "/system/scarlet/bin/video_player"
hash = "sha256:f4787c2ac183a066eb1b2fc60e7cc92b5d7ed9397fe4f1300c863162304d34cf"

[sections.rootfs.layers.source]
type = "path"
path = ".scarlet/cache/git/3a6ec0c32bdfd41b/user/video_player"

[[sections.rootfs.layers]]
kind = "cargo"
git = "https://github.com/petitstrawberry/yt-for-scarlet"
resolved_rev = "47645c30162320903e06a83abdcb8ff7136fe594"
package = "yt"
bin = "yt"
to = "/system/scarlet/bin/yt"
hash = "sha256:5dffbbd01642715dd9ff4a7bcd19755caffa60a768a061889affaae1205f9000"

[sections.rootfs.layers.source]
type = "git"
url = "https://github.com/petitstrawberry/yt-for-scarlet"
rev = "47645c30162320903e06a83abdcb8ff7136fe594"

[[sections.rootfs.layers]]
kind = "cargo"
git = "https://github.com/petitstrawberry/yt-for-scarlet"
resolved_rev = "47645c30162320903e06a83abdcb8ff7136fe594"
package = "yt-gui"
bin = "yt-gui"
to = "/system/scarlet/bin/yt-gui"
hash = "sha256:fd1845e97bbc81ac34f3117c5863c99f4845d8d9ce4b7325d800f68b1412776c"

[sections.rootfs.layers.source]
type = "git"
url = "https://github.com/petitstrawberry/yt-for-scarlet"
rev = "47645c30162320903e06a83abdcb8ff7136fe594"

[sections.usb-rootfs]
hash = "sha256:43f3e43502df345e3564afd5ce57fe5d5a32275261b49f6dc332b70e7e66b243"
layers = []
