# Generated by cargo-scarlet — do not edit

[sections.boot]
hash = "sha256:2b0ea87b2bad0596ddce3081c5d8385c23e69cd3dd0df48057bd2586c8a0527f"
layers = []

[sections.initramfs]
hash = "sha256:4dc15a354509d5ab33472f8d03a8d88231dd1e4eea8874bc5311373499a337f3"

[[sections.initramfs.layers]]
kind = "cargo"
package = "user-bin"
bin = "init"
to = "/system/scarlet/bin/init"
hash = "sha256:1e90142f8c63f8379aa9b31df98dd82c4131c49cb4eb625d71da69a851367e5a"

[sections.initramfs.layers.source]
type = "path"
path = ".scarlet/cache/git/3a6ec0c32bdfd41b/user/bin"

[[sections.initramfs.layers]]
kind = "cargo"
package = "user-bin"
bin = "sh"
to = "/system/scarlet/bin/sh"
hash = "sha256:aa994e79f9bbdfbca98168b354ff0a1ddc0ec293e7a0b9eb8282d3b762b9ad8b"

[sections.initramfs.layers.source]
type = "path"
path = ".scarlet/cache/git/3a6ec0c32bdfd41b/user/bin"

[[sections.initramfs.layers]]
kind = "cargo"
package = "user-bin"
bin = "login"
to = "/system/scarlet/bin/login"
hash = "sha256:8d9aa3b1947a3cf47c32628d211c5a2a4947a05b3c94b7f6b5b48b0e83350a93"

[sections.initramfs.layers.source]
type = "path"
path = ".scarlet/cache/git/3a6ec0c32bdfd41b/user/bin"

[[sections.initramfs.layers]]
kind = "cargo"
package = "user-bin"
bin = "stemd"
to = "/system/scarlet/bin/stemd"
hash = "sha256:ff5b1cd5bff755010642e03910985d862223086a9eeb35abba53d41981ad2d2b"

[sections.initramfs.layers.source]
type = "path"
path = ".scarlet/cache/git/3a6ec0c32bdfd41b/user/bin"

[[sections.initramfs.layers]]
kind = "cargo"
package = "user-bin"
bin = "sbusd"
to = "/system/scarlet/bin/sbusd"
hash = "sha256:93a7ded9aabb2cff2378b0ef7aac40dfd67c02cb4425095c5b2a395f1346c25b"

[sections.initramfs.layers.source]
type = "path"
path = ".scarlet/cache/git/3a6ec0c32bdfd41b/user/bin"

[[sections.initramfs.layers]]
kind = "cargo"
bin = "hello"
to = "/system/scarlet/bin/hello"
hash = "sha256:ad3331bddbc5e5340d0eef8ac436d232895489bdf78f6303a074742a5713636f"

[sections.initramfs.layers.source]
type = "path"
path = ".scarlet/cache/git/3a6ec0c32bdfd41b/user/std-bin"

[[sections.initramfs.layers]]
kind = "cargo"
package = "user-bin"
bin = "ps"
to = "/system/scarlet/bin/ps"
hash = "sha256:e7158eaa39ba263c1b7024d739851007d352023eb9419cc52cb89d7a434b593e"

[sections.initramfs.layers.source]
type = "path"
path = ".scarlet/cache/git/3a6ec0c32bdfd41b/user/bin"

[[sections.initramfs.layers]]
kind = "cargo"
package = "user-bin"
bin = "shutdown"
to = "/system/scarlet/bin/shutdown"
hash = "sha256:8b7bcaf1c08a9004cc4d19a697777757740aea2d6ac959e4e8f35dbdd56f52d4"

[sections.initramfs.layers.source]
type = "path"
path = ".scarlet/cache/git/3a6ec0c32bdfd41b/user/bin"

[[sections.initramfs.layers]]
kind = "cargo"
package = "scarlet-std-bin"
bin = "top"
to = "/system/scarlet/bin/top"
hash = "sha256:88df0872a25c69d7c81ebe302c7c2977dd4896f2f72029cc10eaa469fc3397d9"

[sections.initramfs.layers.source]
type = "path"
path = ".scarlet/cache/git/3a6ec0c32bdfd41b/user/std-bin"

[[sections.initramfs.layers]]
kind = "cargo"
package = "scarlet-std-bin"
bin = "kill"
to = "/system/scarlet/bin/kill"
hash = "sha256:a6a450da34ceea015f5f8e820c01314a4330ebe72d2aa3603746d39229c59f52"

[sections.initramfs.layers.source]
type = "path"
path = ".scarlet/cache/git/3a6ec0c32bdfd41b/user/std-bin"

[[sections.initramfs.layers]]
kind = "cargo"
package = "user-bin"
bin = "scpm"
to = "/system/scarlet/bin/scpm"
hash = "sha256:9200281fdfaa4f85c289bde531d2f77f0cf3c9cd10989f775cdc3bdf91bfa5ee"

[sections.initramfs.layers.source]
type = "path"
path = ".scarlet/cache/git/3a6ec0c32bdfd41b/user/bin"

[[sections.initramfs.layers]]
kind = "cargo"
package = "user-bin"
bin = "netcfgd"
to = "/system/scarlet/bin/netcfgd"
hash = "sha256:9d1f0c152332d79a632d6cbeaed3c34ef7dfb5e900aaaebefbada24e4b0fbb77"

[sections.initramfs.layers.source]
type = "path"
path = ".scarlet/cache/git/3a6ec0c32bdfd41b/user/bin"

[[sections.initramfs.layers]]
kind = "cargo"
bin = "resolverd"
to = "/system/scarlet/bin/resolverd"
hash = "sha256:009a7dbacd5a010eb51b9fe6107032a6de6ac53185b251182f0682c8b3e9283d"

[sections.initramfs.layers.source]
type = "path"
path = ".scarlet/cache/git/3a6ec0c32bdfd41b/user/std-bin"

[[sections.initramfs.layers]]
kind = "cargo"
bin = "ls"
to = "/system/scarlet/bin/ls"
hash = "sha256:cc45c79206e33ed45f6b936266cf1f109cb12133637bb591e7ad7ea3ce6a8c34"

[sections.initramfs.layers.source]
type = "path"
path = ".scarlet/cache/git/3a6ec0c32bdfd41b/user/std-bin"

[[sections.initramfs.layers]]
kind = "cargo"
bin = "cat"
to = "/system/scarlet/bin/cat"
hash = "sha256:6c4ca11c037a90615d8e3967c1555aeee16ef126e1919c3121aa283b1db5e127"

[sections.initramfs.layers.source]
type = "path"
path = ".scarlet/cache/git/3a6ec0c32bdfd41b/user/std-bin"

[[sections.initramfs.layers]]
kind = "cargo"
bin = "rm"
to = "/system/scarlet/bin/rm"
hash = "sha256:92d3c938f7ebeb35421ca8eb9ba56af67d66eea810b08ca0b2e9f420e75e4b0a"

[sections.initramfs.layers.source]
type = "path"
path = ".scarlet/cache/git/3a6ec0c32bdfd41b/user/std-bin"

[[sections.initramfs.layers]]
kind = "cargo"
bin = "resolve"
to = "/system/scarlet/bin/resolve"
hash = "sha256:5d443f48549cca8b622a9298dfcfba35c3495fae5ef4e33aad286ff7f262ca69"

[sections.initramfs.layers.source]
type = "path"
path = ".scarlet/cache/git/3a6ec0c32bdfd41b/user/std-bin"

[[sections.initramfs.layers]]
kind = "cargo"
package = "user-bin"
bin = "ping"
to = "/system/scarlet/bin/ping"
hash = "sha256:467b35afe179789993b5e43dcf1e5cca46e85f27b85dabb4f817ffe9c4a70149"

[sections.initramfs.layers.source]
type = "path"
path = ".scarlet/cache/git/3a6ec0c32bdfd41b/user/bin"

[[sections.initramfs.layers]]
kind = "cargo"
package = "user-bin"
bin = "netcfg"
to = "/system/scarlet/bin/netcfg"
hash = "sha256:03fe26d194476d97d07caddec657c2dd87cb339f472e71ae6893e67fe9ecf71e"

[sections.initramfs.layers.source]
type = "path"
path = ".scarlet/cache/git/3a6ec0c32bdfd41b/user/bin"

[[sections.initramfs.layers]]
kind = "cargo"
bin = "watch"
to = "/system/scarlet/bin/watch"
hash = "sha256:97f084750310285b0d524b8d561c2ec67a24e0fd042609abd66fc68e4690f42f"

[sections.initramfs.layers.source]
type = "path"
path = ".scarlet/cache/git/3a6ec0c32bdfd41b/user/std-bin"

[[sections.initramfs.layers]]
kind = "cargo"
bin = "date"
to = "/system/scarlet/bin/date"
hash = "sha256:64a9207be72c5b3f51c265b7120c5d5fc499f69376bc3c239ed6d8df70cf3ec4"

[sections.initramfs.layers.source]
type = "path"
path = ".scarlet/cache/git/3a6ec0c32bdfd41b/user/std-bin"

[[sections.initramfs.layers]]
kind = "cargo"
package = "user-bin"
bin = "fb_test"
to = "/system/scarlet/bin/fb_test"
hash = "sha256:fd5bc0639eab8f9ad15fe10b72e76484b91f02f854aea005d66e1f08949be2d6"

[sections.initramfs.layers.source]
type = "path"
path = ".scarlet/cache/git/3a6ec0c32bdfd41b/user/bin"

[[sections.initramfs.layers]]
kind = "cargo"
package = "user-bin"
bin = "scarlet_desktop"
to = "/system/scarlet/bin/scarlet_desktop"
hash = "sha256:ad3806d1da8acb89c2cf64382ea630debc7e3df3e911bbbfd8461dcdd9afad4f"

[sections.initramfs.layers.source]
type = "path"
path = ".scarlet/cache/git/3a6ec0c32bdfd41b/user/bin"

[[sections.initramfs.layers]]
kind = "cargo"
package = "user-bin"
bin = "desktop-background"
to = "/system/scarlet/bin/desktop-background"
hash = "sha256:1d4570c563e076b1f7e1944d3d2c2017ed0cf5b54281dd359dc68be3f5bab9e0"

[sections.initramfs.layers.source]
type = "path"
path = ".scarlet/cache/git/3a6ec0c32bdfd41b/user/bin"

[[sections.initramfs.layers]]
kind = "cargo"
package = "user-bin"
bin = "desktop-settings"
to = "/system/scarlet/bin/desktop-settings"
hash = "sha256:e78731205b2e68b98b4785598598c18a4505b3bce1cfea7f2d2c89f0fb1d5e8d"

[sections.initramfs.layers.source]
type = "path"
path = ".scarlet/cache/git/3a6ec0c32bdfd41b/user/bin"

[[sections.initramfs.layers]]
kind = "cargo"
package = "scarlet-std-bin"
bin = "files"
to = "/system/scarlet/bin/files"
hash = "sha256:83da425a61614c12faaf139317ac1688a19b81de0246f50f1cb04e2f1c18da3e"

[sections.initramfs.layers.source]
type = "path"
path = ".scarlet/cache/git/3a6ec0c32bdfd41b/user/std-bin"

[[sections.initramfs.layers]]
kind = "cargo"
package = "scarlet-std-bin"
bin = "launcher"
to = "/system/scarlet/bin/launcher"
hash = "sha256:447a70c2a23118db9799ac9dd75375aacfb9a70a2fac53bd18c91ed855201150"

[sections.initramfs.layers.source]
type = "path"
path = ".scarlet/cache/git/3a6ec0c32bdfd41b/user/std-bin"

[[sections.initramfs.layers]]
kind = "cargo"
package = "scarlet-std-bin"
bin = "notepad"
to = "/system/scarlet/bin/notepad"
hash = "sha256:d4e801b51e2ad0ce2377a8939a734e543235b1697f3b75ca7fb1b00bb768d8de"

[sections.initramfs.layers.source]
type = "path"
path = ".scarlet/cache/git/3a6ec0c32bdfd41b/user/std-bin"

[[sections.initramfs.layers]]
kind = "cargo"
package = "user-bin"
bin = "taskbar"
to = "/system/scarlet/bin/taskbar"
hash = "sha256:babb7523b634f419fe15cdf00e77c5a2af6f984c5e1b5bd5e4fddf1dcf5d1f94"

[sections.initramfs.layers.source]
type = "path"
path = ".scarlet/cache/git/3a6ec0c32bdfd41b/user/bin"

[[sections.initramfs.layers]]
kind = "cargo"
package = "user-bin"
bin = "terminal"
to = "/system/scarlet/bin/terminal"
hash = "sha256:0f161f598af67d1cde1fc9f7c68e2a86104e880c4a6ca3a7b7d2d369c36193ff"

[sections.initramfs.layers.source]
type = "path"
path = ".scarlet/cache/git/3a6ec0c32bdfd41b/user/bin"

[[sections.initramfs.layers]]
kind = "cargo"
package = "user-bin"
bin = "sws"
to = "/system/scarlet/bin/sws"
hash = "sha256:78197cff3babbfd9b5cda82942d359d9c60ed5f2d71cf6e49cf7f950fe96c30b"

[sections.initramfs.layers.source]
type = "path"
path = ".scarlet/cache/git/3a6ec0c32bdfd41b/user/bin"

[[sections.initramfs.layers]]
kind = "cargo"
package = "user-bin"
bin = "sas"
to = "/system/scarlet/bin/sas"
hash = "sha256:24a52c6d071cfe6e62d6b6bab0014d56a9786c2acddaa47c7abfe7a0d01d4e8f"

[sections.initramfs.layers.source]
type = "path"
path = ".scarlet/cache/git/3a6ec0c32bdfd41b/user/bin"

[[sections.initramfs.layers]]
kind = "cargo"
bin = "sasctl"
to = "/system/scarlet/bin/sasctl"
hash = "sha256:3d9c62c9ca2be60eef5bfeaf5e0dd9a34c5154a518d5e92922868356fb647601"

[sections.initramfs.layers.source]
type = "path"
path = ".scarlet/cache/git/3a6ec0c32bdfd41b/user/std-bin"

[[sections.initramfs.layers]]
kind = "cargo"
package = "user-bin"
bin = "mplayer"
to = "/system/scarlet/bin/mplayer"
hash = "sha256:047fe21af5d645476f2a1101956587d0ad193d7e427de65246df9818529ae62d"

[sections.initramfs.layers.source]
type = "path"
path = ".scarlet/cache/git/3a6ec0c32bdfd41b/user/bin"

[[sections.initramfs.layers]]
kind = "cargo"
package = "user-bin"
bin = "ui-demo"
to = "/system/scarlet/bin/ui-demo"
hash = "sha256:cfaa53a0e227d75590e6248c979a56481efea0e141ddb50be090eb42ce911e6b"

[sections.initramfs.layers.source]
type = "path"
path = ".scarlet/cache/git/3a6ec0c32bdfd41b/user/bin"

[[sections.initramfs.layers]]
kind = "cargo"
package = "user-bin"
bin = "ui-benchmark"
to = "/system/scarlet/bin/ui-benchmark"
hash = "sha256:9d4425d26e6ce8e65286146e5c8f5a5f98ae908480a8fdcead26bacef81f1d72"

[sections.initramfs.layers.source]
type = "path"
path = ".scarlet/cache/git/3a6ec0c32bdfd41b/user/bin"

[[sections.initramfs.layers]]
kind = "cargo"
git = "https://github.com/petitstrawberry/scarlet-ui"
resolved_rev = "1e6ae33cc3f2dad72f2aa33d384ea734ba39f6ab"
package = "scarlet-ui-widget-factory"
bin = "scarlet-ui-widget-factory"
subdir = "examples/widget-factory"
to = "/system/scarlet/bin/widget_factory"
hash = "sha256:245033811bf8aaee62381ec06894f697db6be4ad7fc41376e60d42ffaf10c2e8"

[sections.initramfs.layers.source]
type = "git"
url = "https://github.com/petitstrawberry/scarlet-ui"
rev = "1e6ae33cc3f2dad72f2aa33d384ea734ba39f6ab"

[[sections.initramfs.layers]]
kind = "cargo"
bin = "ui-sgfx-showcase"
to = "/system/scarlet/bin/ui-sgfx-showcase"
hash = "sha256:dec244c2f267e539452d77fdabc09d654406d9e4149bef652a7b90465d8722d6"

[sections.initramfs.layers.source]
type = "path"
path = ".scarlet/cache/git/3a6ec0c32bdfd41b/user/std-bin"

[[sections.initramfs.layers]]
kind = "cargo"
package = "user-bin"
bin = "settings"
to = "/system/scarlet/bin/settings"
hash = "sha256:2ee49130e3bb76d7570ae8ca57a1800a00d9e0f754ffe2c697f5c8d97bf87224"

[sections.initramfs.layers.source]
type = "path"
path = ".scarlet/cache/git/3a6ec0c32bdfd41b/user/bin"

[[sections.initramfs.layers]]
kind = "cargo"
bin = "task_manager"
to = "/system/scarlet/bin/task_manager"
hash = "sha256:19677ad410fff527b5e23e9019cc78f44eae62d0d788696f274e4aab1d67967e"

[sections.initramfs.layers.source]
type = "path"
path = ".scarlet/cache/git/3a6ec0c32bdfd41b/user/std-bin"

[[sections.initramfs.layers]]
kind = "cargo"
package = "user-bin"
bin = "scarlet_skk"
to = "/system/scarlet/bin/scarlet_skk"
hash = "sha256:91bb17ff872883fb4cf769b8f9c3c077515eb8510de463915532471989c2ed49"

[sections.initramfs.layers.source]
type = "path"
path = ".scarlet/cache/git/3a6ec0c32bdfd41b/user/bin"

[[sections.initramfs.layers]]
kind = "script"
to = "/system/scarlet/share/skk/SKK-JISYO.L"
output = ".scarlet/cache/git/3a6ec0c32bdfd41b/bundles/desktop/.scarlet/cache/skk/SKK-JISYO.L"
hash = "sha256:cb3638df4cf621359db4e5aca385deae3cd0e681540da1c788d004374d261a42"

[sections.initramfs.layers.source]
type = "path"
path = ".scarlet/cache/git/3a6ec0c32bdfd41b/bundles/desktop/tools/fetch_skk_dictionary.sh"

[[sections.initramfs.layers]]
kind = "cargo"
package = "user-bin"
bin = "wayland_bridge"
to = "/system/scarlet/bin/wayland_bridge"
hash = "sha256:f79224374b8e5f0885a9beb24503897c55ed086a822fafc7ab6a7fef9ad785ea"

[sections.initramfs.layers.source]
type = "path"
path = ".scarlet/cache/git/3a6ec0c32bdfd41b/user/bin"

[[sections.initramfs.layers]]
kind = "cargo"
bin = "ansi_banner"
to = "/system/scarlet/bin/ansi_banner"
hash = "sha256:df165bb2e3119c5576c222250bd68b5afb126eb12eebaa21fafcc25002d1bc26"

[sections.initramfs.layers.source]
type = "path"
path = ".scarlet/cache/git/3a6ec0c32bdfd41b/user/std-bin"

[[sections.initramfs.layers]]
kind = "cargo"
package = "video_player"
bin = "video_player"
features = [
    "av1-stateful-hw",
    "h264-stateful-hw",
    "mp4-aac",
]
default-features = false
to = "/system/scarlet/bin/video_player"
hash = "sha256:27ef51f63c86edb937159fcbc9dfe272159be7728ac1bf401ce0e61faeb3cd94"

[sections.initramfs.layers.source]
type = "path"
path = ".scarlet/cache/git/3a6ec0c32bdfd41b/user/video_player"

[[sections.initramfs.layers]]
kind = "cargo"
package = "user-bin"
bin = "sgfx_probe"
to = "/system/scarlet/bin/sgfx_probe"
hash = "sha256:94504c24e857610a15f557384659dfadd328ad15d6220fefe72b99e5b7206eab"

[sections.initramfs.layers.source]
type = "path"
path = ".scarlet/cache/git/3a6ec0c32bdfd41b/user/bin"

[[sections.initramfs.layers]]
kind = "cargo"
bin = "sgfx_cube"
to = "/system/scarlet/bin/sgfx_cube"
hash = "sha256:22069fa9739d965fb2172f8a8df06fa1164bf6c8f8b621e1551976cbd99972e4"

[sections.initramfs.layers.source]
type = "path"
path = ".scarlet/cache/git/3a6ec0c32bdfd41b/user/std-bin"

[[sections.initramfs.layers]]
kind = "cargo"
bin = "sgfx_texture"
to = "/system/scarlet/bin/sgfx_texture"
hash = "sha256:53fbeae0f6f3ee2134343ddc498c59ae2bcf637df7697f8cdb607d4c54480e5a"

[sections.initramfs.layers.source]
type = "path"
path = ".scarlet/cache/git/3a6ec0c32bdfd41b/user/std-bin"

[[sections.initramfs.layers]]
kind = "cargo"
bin = "sgfx_showcase"
to = "/system/scarlet/bin/sgfx_showcase"
hash = "sha256:8f8f3c92c78e9ba43b65ffb3d03deab76d29e21981f9675851379ebbf2ce5b83"

[sections.initramfs.layers.source]
type = "path"
path = ".scarlet/cache/git/3a6ec0c32bdfd41b/user/std-bin"

[[sections.initramfs.layers]]
kind = "cargo"
bin = "httpd"
to = "/system/scarlet/bin/httpd"
hash = "sha256:0c377e2d42876d6babd89a06e0dbea679eff5d59c227043f726581fe44e89512"

[sections.initramfs.layers.source]
type = "path"
path = ".scarlet/cache/git/3a6ec0c32bdfd41b/user/std-bin"

[[sections.initramfs.layers]]
kind = "cargo"
package = "user-bin"
bin = "ushv"
to = "/system/scarlet/bin/ushv"
hash = "sha256:9e3a21377d9fb252d53a0c11db4b3596b5fcd2880ed8fcfb33cc77c610d08e3e"

[sections.initramfs.layers.source]
type = "path"
path = ".scarlet/cache/git/3a6ec0c32bdfd41b/user/bin"

[[sections.initramfs.layers]]
kind = "cargo"
bin = "lsm_list"
to = "/system/scarlet/bin/lsm_list"
hash = "sha256:ef4e7e118517b087cf0598396c5fe5be2272a20c8a8344df403d7f44c02095d8"

[sections.initramfs.layers.source]
type = "path"
path = ".scarlet/cache/git/3a6ec0c32bdfd41b/user/std-bin"

[[sections.initramfs.layers]]
kind = "cargo"
bin = "clock"
to = "/system/scarlet/bin/clock"
hash = "sha256:58653748af66242170cd2ec459fa3fc670afbc280cc25f3326f48f4763998d1e"

[sections.initramfs.layers.source]
type = "path"
path = ".scarlet/cache/git/3a6ec0c32bdfd41b/user/std-bin"

[[sections.initramfs.layers]]
kind = "cargo"
bin = "lsm_load"
to = "/system/scarlet/bin/lsm_load"
hash = "sha256:a6729485426ad64cdbfdf4fd725d31730612ff7988f23d773ae5d5d02dc66870"

[sections.initramfs.layers.source]
type = "path"
path = ".scarlet/cache/git/3a6ec0c32bdfd41b/user/std-bin"

[[sections.initramfs.layers]]
kind = "cargo"
bin = "lsm_unload"
to = "/system/scarlet/bin/lsm_unload"
hash = "sha256:7796a8073c367d38e5ac446ac3f915cf43f16a07781ac07890bee8475a504d2e"

[sections.initramfs.layers.source]
type = "path"
path = ".scarlet/cache/git/3a6ec0c32bdfd41b/user/std-bin"

[[sections.initramfs.layers]]
kind = "cargo"
bin = "input_dump"
to = "/system/scarlet/bin/input_dump"
hash = "sha256:2f4402f125f17fc470dd4e27ddf2d8dc11d9c7a099f69b830e1dd4a138051a82"

[sections.initramfs.layers.source]
type = "path"
path = ".scarlet/cache/git/3a6ec0c32bdfd41b/user/std-bin"

[[sections.initramfs.layers]]
kind = "cargo"
bin = "mozc_server"
to = "/system/scarlet/bin/mozc_server"
hash = "sha256:00b0b3a7dc52feac2ae9a7f600ab72d72b784d8f5e1d5d8a0204386a714f415a"

[sections.initramfs.layers.source]
type = "path"
path = ".scarlet/cache/git/3a6ec0c32bdfd41b/user/bin"

[[sections.initramfs.layers]]
kind = "cargo"
package = "user-bin"
bin = "scarlet_mozc"
to = "/system/scarlet/bin/scarlet_mozc"
hash = "sha256:afdc32cb2cd9223c90d57e33c926ed1319786481799c8267ca1485046059d7d7"

[sections.initramfs.layers.source]
type = "path"
path = ".scarlet/cache/git/3a6ec0c32bdfd41b/user/bin"

[[sections.initramfs.layers]]
kind = "cargo"
package = "user-bin"
bin = "dcp_flip_test"
to = "/system/scarlet/bin/dcp_flip_test"
hash = "sha256:fecab1dd5f0839dd8a2d13d47e58255fc7fe4d997a96f7017e2f6b85279e33b9"

[sections.initramfs.layers.source]
type = "path"
path = ".scarlet/cache/git/3a6ec0c32bdfd41b/user/bin"

[[sections.initramfs.layers]]
kind = "cargo"
git = "https://github.com/petitstrawberry/carmine"
resolved_rev = "2686a761610b261b325d00d984bfb6bbd9cfbccf"
package = "carmine"
bin = "carmine"
to = "/system/scarlet/bin/carmine"
hash = "sha256:ec902f9524519a0a0fb54c2d05ce88d778e0f7b6edd0c7f34783a16e11acbb13"

[sections.initramfs.layers.source]
type = "git"
url = "https://github.com/petitstrawberry/carmine"
rev = "2686a761610b261b325d00d984bfb6bbd9cfbccf"

[[sections.initramfs.layers]]
kind = "cargo"
git = "https://github.com/petitstrawberry/vellum"
resolved_rev = "73ec9febb165ae4d0ffca574d9e0b3f933ebc887"
package = "vellum"
bin = "vellum"
to = "/system/scarlet/bin/vellum"
hash = "sha256:4d8dfa19b997dc486d5ea7e905c704481d3494b48997b47628e922fc3d892376"

[sections.initramfs.layers.source]
type = "git"
url = "https://github.com/petitstrawberry/vellum"
rev = "73ec9febb165ae4d0ffca574d9e0b3f933ebc887"

[sections.rootfs]
hash = "sha256:51e2903af9970201d90e31bda0903d23994df0517928a61a8b2e473f5b89bc7c"

[[sections.rootfs.layers]]
kind = "cargo"
package = "user-bin"
bin = "init"
to = "/system/scarlet/bin/init"
hash = "sha256:1e90142f8c63f8379aa9b31df98dd82c4131c49cb4eb625d71da69a851367e5a"

[sections.rootfs.layers.source]
type = "path"
path = ".scarlet/cache/git/3a6ec0c32bdfd41b/user/bin"

[[sections.rootfs.layers]]
kind = "cargo"
package = "user-bin"
bin = "sh"
to = "/system/scarlet/bin/sh"
hash = "sha256:aa994e79f9bbdfbca98168b354ff0a1ddc0ec293e7a0b9eb8282d3b762b9ad8b"

[sections.rootfs.layers.source]
type = "path"
path = ".scarlet/cache/git/3a6ec0c32bdfd41b/user/bin"

[[sections.rootfs.layers]]
kind = "cargo"
package = "user-bin"
bin = "login"
to = "/system/scarlet/bin/login"
hash = "sha256:8d9aa3b1947a3cf47c32628d211c5a2a4947a05b3c94b7f6b5b48b0e83350a93"

[sections.rootfs.layers.source]
type = "path"
path = ".scarlet/cache/git/3a6ec0c32bdfd41b/user/bin"

[[sections.rootfs.layers]]
kind = "cargo"
package = "user-bin"
bin = "stemd"
to = "/system/scarlet/bin/stemd"
hash = "sha256:ff5b1cd5bff755010642e03910985d862223086a9eeb35abba53d41981ad2d2b"

[sections.rootfs.layers.source]
type = "path"
path = ".scarlet/cache/git/3a6ec0c32bdfd41b/user/bin"

[[sections.rootfs.layers]]
kind = "cargo"
package = "user-bin"
bin = "sbusd"
to = "/system/scarlet/bin/sbusd"
hash = "sha256:93a7ded9aabb2cff2378b0ef7aac40dfd67c02cb4425095c5b2a395f1346c25b"

[sections.rootfs.layers.source]
type = "path"
path = ".scarlet/cache/git/3a6ec0c32bdfd41b/user/bin"

[[sections.rootfs.layers]]
kind = "cargo"
bin = "hello"
to = "/system/scarlet/bin/hello"
hash = "sha256:ad3331bddbc5e5340d0eef8ac436d232895489bdf78f6303a074742a5713636f"

[sections.rootfs.layers.source]
type = "path"
path = ".scarlet/cache/git/3a6ec0c32bdfd41b/user/std-bin"

[[sections.rootfs.layers]]
kind = "cargo"
package = "user-bin"
bin = "ps"
to = "/system/scarlet/bin/ps"
hash = "sha256:e7158eaa39ba263c1b7024d739851007d352023eb9419cc52cb89d7a434b593e"

[sections.rootfs.layers.source]
type = "path"
path = ".scarlet/cache/git/3a6ec0c32bdfd41b/user/bin"

[[sections.rootfs.layers]]
kind = "cargo"
package = "user-bin"
bin = "shutdown"
to = "/system/scarlet/bin/shutdown"
hash = "sha256:8b7bcaf1c08a9004cc4d19a697777757740aea2d6ac959e4e8f35dbdd56f52d4"

[sections.rootfs.layers.source]
type = "path"
path = ".scarlet/cache/git/3a6ec0c32bdfd41b/user/bin"

[[sections.rootfs.layers]]
kind = "cargo"
package = "scarlet-std-bin"
bin = "top"
to = "/system/scarlet/bin/top"
hash = "sha256:88df0872a25c69d7c81ebe302c7c2977dd4896f2f72029cc10eaa469fc3397d9"

[sections.rootfs.layers.source]
type = "path"
path = ".scarlet/cache/git/3a6ec0c32bdfd41b/user/std-bin"

[[sections.rootfs.layers]]
kind = "cargo"
package = "scarlet-std-bin"
bin = "kill"
to = "/system/scarlet/bin/kill"
hash = "sha256:a6a450da34ceea015f5f8e820c01314a4330ebe72d2aa3603746d39229c59f52"

[sections.rootfs.layers.source]
type = "path"
path = ".scarlet/cache/git/3a6ec0c32bdfd41b/user/std-bin"

[[sections.rootfs.layers]]
kind = "cargo"
package = "user-bin"
bin = "scpm"
to = "/system/scarlet/bin/scpm"
hash = "sha256:9200281fdfaa4f85c289bde531d2f77f0cf3c9cd10989f775cdc3bdf91bfa5ee"

[sections.rootfs.layers.source]
type = "path"
path = ".scarlet/cache/git/3a6ec0c32bdfd41b/user/bin"

[[sections.rootfs.layers]]
kind = "cargo"
package = "user-bin"
bin = "netcfgd"
to = "/system/scarlet/bin/netcfgd"
hash = "sha256:9d1f0c152332d79a632d6cbeaed3c34ef7dfb5e900aaaebefbada24e4b0fbb77"

[sections.rootfs.layers.source]
type = "path"
path = ".scarlet/cache/git/3a6ec0c32bdfd41b/user/bin"

[[sections.rootfs.layers]]
kind = "cargo"
bin = "resolverd"
to = "/system/scarlet/bin/resolverd"
hash = "sha256:009a7dbacd5a010eb51b9fe6107032a6de6ac53185b251182f0682c8b3e9283d"

[sections.rootfs.layers.source]
type = "path"
path = ".scarlet/cache/git/3a6ec0c32bdfd41b/user/std-bin"

[[sections.rootfs.layers]]
kind = "cargo"
bin = "ls"
to = "/system/scarlet/bin/ls"
hash = "sha256:cc45c79206e33ed45f6b936266cf1f109cb12133637bb591e7ad7ea3ce6a8c34"

[sections.rootfs.layers.source]
type = "path"
path = ".scarlet/cache/git/3a6ec0c32bdfd41b/user/std-bin"

[[sections.rootfs.layers]]
kind = "cargo"
bin = "cat"
to = "/system/scarlet/bin/cat"
hash = "sha256:6c4ca11c037a90615d8e3967c1555aeee16ef126e1919c3121aa283b1db5e127"

[sections.rootfs.layers.source]
type = "path"
path = ".scarlet/cache/git/3a6ec0c32bdfd41b/user/std-bin"

[[sections.rootfs.layers]]
kind = "cargo"
bin = "rm"
to = "/system/scarlet/bin/rm"
hash = "sha256:92d3c938f7ebeb35421ca8eb9ba56af67d66eea810b08ca0b2e9f420e75e4b0a"

[sections.rootfs.layers.source]
type = "path"
path = ".scarlet/cache/git/3a6ec0c32bdfd41b/user/std-bin"

[[sections.rootfs.layers]]
kind = "cargo"
bin = "resolve"
to = "/system/scarlet/bin/resolve"
hash = "sha256:5d443f48549cca8b622a9298dfcfba35c3495fae5ef4e33aad286ff7f262ca69"

[sections.rootfs.layers.source]
type = "path"
path = ".scarlet/cache/git/3a6ec0c32bdfd41b/user/std-bin"

[[sections.rootfs.layers]]
kind = "cargo"
package = "user-bin"
bin = "ping"
to = "/system/scarlet/bin/ping"
hash = "sha256:467b35afe179789993b5e43dcf1e5cca46e85f27b85dabb4f817ffe9c4a70149"

[sections.rootfs.layers.source]
type = "path"
path = ".scarlet/cache/git/3a6ec0c32bdfd41b/user/bin"

[[sections.rootfs.layers]]
kind = "cargo"
package = "user-bin"
bin = "netcfg"
to = "/system/scarlet/bin/netcfg"
hash = "sha256:03fe26d194476d97d07caddec657c2dd87cb339f472e71ae6893e67fe9ecf71e"

[sections.rootfs.layers.source]
type = "path"
path = ".scarlet/cache/git/3a6ec0c32bdfd41b/user/bin"

[[sections.rootfs.layers]]
kind = "cargo"
bin = "watch"
to = "/system/scarlet/bin/watch"
hash = "sha256:97f084750310285b0d524b8d561c2ec67a24e0fd042609abd66fc68e4690f42f"

[sections.rootfs.layers.source]
type = "path"
path = ".scarlet/cache/git/3a6ec0c32bdfd41b/user/std-bin"

[[sections.rootfs.layers]]
kind = "cargo"
bin = "date"
to = "/system/scarlet/bin/date"
hash = "sha256:64a9207be72c5b3f51c265b7120c5d5fc499f69376bc3c239ed6d8df70cf3ec4"

[sections.rootfs.layers.source]
type = "path"
path = ".scarlet/cache/git/3a6ec0c32bdfd41b/user/std-bin"

[[sections.rootfs.layers]]
kind = "cargo"
package = "user-bin"
bin = "fb_test"
to = "/system/scarlet/bin/fb_test"
hash = "sha256:fd5bc0639eab8f9ad15fe10b72e76484b91f02f854aea005d66e1f08949be2d6"

[sections.rootfs.layers.source]
type = "path"
path = ".scarlet/cache/git/3a6ec0c32bdfd41b/user/bin"

[[sections.rootfs.layers]]
kind = "cargo"
package = "user-bin"
bin = "scarlet_desktop"
to = "/system/scarlet/bin/scarlet_desktop"
hash = "sha256:ad3806d1da8acb89c2cf64382ea630debc7e3df3e911bbbfd8461dcdd9afad4f"

[sections.rootfs.layers.source]
type = "path"
path = ".scarlet/cache/git/3a6ec0c32bdfd41b/user/bin"

[[sections.rootfs.layers]]
kind = "cargo"
package = "user-bin"
bin = "desktop-background"
to = "/system/scarlet/bin/desktop-background"
hash = "sha256:1d4570c563e076b1f7e1944d3d2c2017ed0cf5b54281dd359dc68be3f5bab9e0"

[sections.rootfs.layers.source]
type = "path"
path = ".scarlet/cache/git/3a6ec0c32bdfd41b/user/bin"

[[sections.rootfs.layers]]
kind = "cargo"
package = "user-bin"
bin = "desktop-settings"
to = "/system/scarlet/bin/desktop-settings"
hash = "sha256:e78731205b2e68b98b4785598598c18a4505b3bce1cfea7f2d2c89f0fb1d5e8d"

[sections.rootfs.layers.source]
type = "path"
path = ".scarlet/cache/git/3a6ec0c32bdfd41b/user/bin"

[[sections.rootfs.layers]]
kind = "cargo"
package = "scarlet-std-bin"
bin = "files"
to = "/system/scarlet/bin/files"
hash = "sha256:83da425a61614c12faaf139317ac1688a19b81de0246f50f1cb04e2f1c18da3e"

[sections.rootfs.layers.source]
type = "path"
path = ".scarlet/cache/git/3a6ec0c32bdfd41b/user/std-bin"

[[sections.rootfs.layers]]
kind = "cargo"
package = "scarlet-std-bin"
bin = "launcher"
to = "/system/scarlet/bin/launcher"
hash = "sha256:447a70c2a23118db9799ac9dd75375aacfb9a70a2fac53bd18c91ed855201150"

[sections.rootfs.layers.source]
type = "path"
path = ".scarlet/cache/git/3a6ec0c32bdfd41b/user/std-bin"

[[sections.rootfs.layers]]
kind = "cargo"
package = "scarlet-std-bin"
bin = "notepad"
to = "/system/scarlet/bin/notepad"
hash = "sha256:d4e801b51e2ad0ce2377a8939a734e543235b1697f3b75ca7fb1b00bb768d8de"

[sections.rootfs.layers.source]
type = "path"
path = ".scarlet/cache/git/3a6ec0c32bdfd41b/user/std-bin"

[[sections.rootfs.layers]]
kind = "cargo"
package = "user-bin"
bin = "taskbar"
to = "/system/scarlet/bin/taskbar"
hash = "sha256:babb7523b634f419fe15cdf00e77c5a2af6f984c5e1b5bd5e4fddf1dcf5d1f94"

[sections.rootfs.layers.source]
type = "path"
path = ".scarlet/cache/git/3a6ec0c32bdfd41b/user/bin"

[[sections.rootfs.layers]]
kind = "cargo"
package = "user-bin"
bin = "terminal"
to = "/system/scarlet/bin/terminal"
hash = "sha256:0f161f598af67d1cde1fc9f7c68e2a86104e880c4a6ca3a7b7d2d369c36193ff"

[sections.rootfs.layers.source]
type = "path"
path = ".scarlet/cache/git/3a6ec0c32bdfd41b/user/bin"

[[sections.rootfs.layers]]
kind = "cargo"
package = "user-bin"
bin = "sws"
to = "/system/scarlet/bin/sws"
hash = "sha256:78197cff3babbfd9b5cda82942d359d9c60ed5f2d71cf6e49cf7f950fe96c30b"

[sections.rootfs.layers.source]
type = "path"
path = ".scarlet/cache/git/3a6ec0c32bdfd41b/user/bin"

[[sections.rootfs.layers]]
kind = "cargo"
package = "user-bin"
bin = "sas"
to = "/system/scarlet/bin/sas"
hash = "sha256:24a52c6d071cfe6e62d6b6bab0014d56a9786c2acddaa47c7abfe7a0d01d4e8f"

[sections.rootfs.layers.source]
type = "path"
path = ".scarlet/cache/git/3a6ec0c32bdfd41b/user/bin"

[[sections.rootfs.layers]]
kind = "cargo"
bin = "sasctl"
to = "/system/scarlet/bin/sasctl"
hash = "sha256:3d9c62c9ca2be60eef5bfeaf5e0dd9a34c5154a518d5e92922868356fb647601"

[sections.rootfs.layers.source]
type = "path"
path = ".scarlet/cache/git/3a6ec0c32bdfd41b/user/std-bin"

[[sections.rootfs.layers]]
kind = "cargo"
package = "user-bin"
bin = "mplayer"
to = "/system/scarlet/bin/mplayer"
hash = "sha256:047fe21af5d645476f2a1101956587d0ad193d7e427de65246df9818529ae62d"

[sections.rootfs.layers.source]
type = "path"
path = ".scarlet/cache/git/3a6ec0c32bdfd41b/user/bin"

[[sections.rootfs.layers]]
kind = "cargo"
package = "user-bin"
bin = "ui-demo"
to = "/system/scarlet/bin/ui-demo"
hash = "sha256:cfaa53a0e227d75590e6248c979a56481efea0e141ddb50be090eb42ce911e6b"

[sections.rootfs.layers.source]
type = "path"
path = ".scarlet/cache/git/3a6ec0c32bdfd41b/user/bin"

[[sections.rootfs.layers]]
kind = "cargo"
package = "user-bin"
bin = "ui-benchmark"
to = "/system/scarlet/bin/ui-benchmark"
hash = "sha256:9d4425d26e6ce8e65286146e5c8f5a5f98ae908480a8fdcead26bacef81f1d72"

[sections.rootfs.layers.source]
type = "path"
path = ".scarlet/cache/git/3a6ec0c32bdfd41b/user/bin"

[[sections.rootfs.layers]]
kind = "cargo"
git = "https://github.com/petitstrawberry/scarlet-ui"
resolved_rev = "1e6ae33cc3f2dad72f2aa33d384ea734ba39f6ab"
package = "scarlet-ui-widget-factory"
bin = "scarlet-ui-widget-factory"
subdir = "examples/widget-factory"
to = "/system/scarlet/bin/widget_factory"
hash = "sha256:245033811bf8aaee62381ec06894f697db6be4ad7fc41376e60d42ffaf10c2e8"

[sections.rootfs.layers.source]
type = "git"
url = "https://github.com/petitstrawberry/scarlet-ui"
rev = "1e6ae33cc3f2dad72f2aa33d384ea734ba39f6ab"

[[sections.rootfs.layers]]
kind = "cargo"
bin = "ui-sgfx-showcase"
to = "/system/scarlet/bin/ui-sgfx-showcase"
hash = "sha256:dec244c2f267e539452d77fdabc09d654406d9e4149bef652a7b90465d8722d6"

[sections.rootfs.layers.source]
type = "path"
path = ".scarlet/cache/git/3a6ec0c32bdfd41b/user/std-bin"

[[sections.rootfs.layers]]
kind = "cargo"
package = "user-bin"
bin = "settings"
to = "/system/scarlet/bin/settings"
hash = "sha256:2ee49130e3bb76d7570ae8ca57a1800a00d9e0f754ffe2c697f5c8d97bf87224"

[sections.rootfs.layers.source]
type = "path"
path = ".scarlet/cache/git/3a6ec0c32bdfd41b/user/bin"

[[sections.rootfs.layers]]
kind = "cargo"
bin = "task_manager"
to = "/system/scarlet/bin/task_manager"
hash = "sha256:19677ad410fff527b5e23e9019cc78f44eae62d0d788696f274e4aab1d67967e"

[sections.rootfs.layers.source]
type = "path"
path = ".scarlet/cache/git/3a6ec0c32bdfd41b/user/std-bin"

[[sections.rootfs.layers]]
kind = "cargo"
package = "user-bin"
bin = "scarlet_skk"
to = "/system/scarlet/bin/scarlet_skk"
hash = "sha256:91bb17ff872883fb4cf769b8f9c3c077515eb8510de463915532471989c2ed49"

[sections.rootfs.layers.source]
type = "path"
path = ".scarlet/cache/git/3a6ec0c32bdfd41b/user/bin"

[[sections.rootfs.layers]]
kind = "script"
to = "/system/scarlet/share/skk/SKK-JISYO.L"
output = ".scarlet/cache/git/3a6ec0c32bdfd41b/bundles/desktop/.scarlet/cache/skk/SKK-JISYO.L"
hash = "sha256:cb3638df4cf621359db4e5aca385deae3cd0e681540da1c788d004374d261a42"

[sections.rootfs.layers.source]
type = "path"
path = ".scarlet/cache/git/3a6ec0c32bdfd41b/bundles/desktop/tools/fetch_skk_dictionary.sh"

[[sections.rootfs.layers]]
kind = "cargo"
package = "user-bin"
bin = "wayland_bridge"
to = "/system/scarlet/bin/wayland_bridge"
hash = "sha256:f79224374b8e5f0885a9beb24503897c55ed086a822fafc7ab6a7fef9ad785ea"

[sections.rootfs.layers.source]
type = "path"
path = ".scarlet/cache/git/3a6ec0c32bdfd41b/user/bin"

[[sections.rootfs.layers]]
kind = "cargo"
bin = "ansi_banner"
to = "/system/scarlet/bin/ansi_banner"
hash = "sha256:df165bb2e3119c5576c222250bd68b5afb126eb12eebaa21fafcc25002d1bc26"

[sections.rootfs.layers.source]
type = "path"
path = ".scarlet/cache/git/3a6ec0c32bdfd41b/user/std-bin"

[[sections.rootfs.layers]]
kind = "cargo"
package = "user-bin"
bin = "sgfx_probe"
to = "/system/scarlet/bin/sgfx_probe"
hash = "sha256:94504c24e857610a15f557384659dfadd328ad15d6220fefe72b99e5b7206eab"

[sections.rootfs.layers.source]
type = "path"
path = ".scarlet/cache/git/3a6ec0c32bdfd41b/user/bin"

[[sections.rootfs.layers]]
kind = "cargo"
bin = "sgfx_cube"
to = "/system/scarlet/bin/sgfx_cube"
hash = "sha256:22069fa9739d965fb2172f8a8df06fa1164bf6c8f8b621e1551976cbd99972e4"

[sections.rootfs.layers.source]
type = "path"
path = ".scarlet/cache/git/3a6ec0c32bdfd41b/user/std-bin"

[[sections.rootfs.layers]]
kind = "cargo"
bin = "sgfx_texture"
to = "/system/scarlet/bin/sgfx_texture"
hash = "sha256:53fbeae0f6f3ee2134343ddc498c59ae2bcf637df7697f8cdb607d4c54480e5a"

[sections.rootfs.layers.source]
type = "path"
path = ".scarlet/cache/git/3a6ec0c32bdfd41b/user/std-bin"

[[sections.rootfs.layers]]
kind = "cargo"
bin = "sgfx_showcase"
to = "/system/scarlet/bin/sgfx_showcase"
hash = "sha256:8f8f3c92c78e9ba43b65ffb3d03deab76d29e21981f9675851379ebbf2ce5b83"

[sections.rootfs.layers.source]
type = "path"
path = ".scarlet/cache/git/3a6ec0c32bdfd41b/user/std-bin"

[[sections.rootfs.layers]]
kind = "cargo"
bin = "httpd"
to = "/system/scarlet/bin/httpd"
hash = "sha256:0c377e2d42876d6babd89a06e0dbea679eff5d59c227043f726581fe44e89512"

[sections.rootfs.layers.source]
type = "path"
path = ".scarlet/cache/git/3a6ec0c32bdfd41b/user/std-bin"

[[sections.rootfs.layers]]
kind = "cargo"
package = "user-bin"
bin = "ushv"
to = "/system/scarlet/bin/ushv"
hash = "sha256:9e3a21377d9fb252d53a0c11db4b3596b5fcd2880ed8fcfb33cc77c610d08e3e"

[sections.rootfs.layers.source]
type = "path"
path = ".scarlet/cache/git/3a6ec0c32bdfd41b/user/bin"

[[sections.rootfs.layers]]
kind = "cargo"
bin = "lsm_list"
to = "/system/scarlet/bin/lsm_list"
hash = "sha256:ef4e7e118517b087cf0598396c5fe5be2272a20c8a8344df403d7f44c02095d8"

[sections.rootfs.layers.source]
type = "path"
path = ".scarlet/cache/git/3a6ec0c32bdfd41b/user/std-bin"

[[sections.rootfs.layers]]
kind = "cargo"
bin = "clock"
to = "/system/scarlet/bin/clock"
hash = "sha256:58653748af66242170cd2ec459fa3fc670afbc280cc25f3326f48f4763998d1e"

[sections.rootfs.layers.source]
type = "path"
path = ".scarlet/cache/git/3a6ec0c32bdfd41b/user/std-bin"

[[sections.rootfs.layers]]
kind = "cargo"
bin = "lsm_load"
to = "/system/scarlet/bin/lsm_load"
hash = "sha256:a6729485426ad64cdbfdf4fd725d31730612ff7988f23d773ae5d5d02dc66870"

[sections.rootfs.layers.source]
type = "path"
path = ".scarlet/cache/git/3a6ec0c32bdfd41b/user/std-bin"

[[sections.rootfs.layers]]
kind = "cargo"
bin = "lsm_unload"
to = "/system/scarlet/bin/lsm_unload"
hash = "sha256:7796a8073c367d38e5ac446ac3f915cf43f16a07781ac07890bee8475a504d2e"

[sections.rootfs.layers.source]
type = "path"
path = ".scarlet/cache/git/3a6ec0c32bdfd41b/user/std-bin"

[[sections.rootfs.layers]]
kind = "cargo"
bin = "input_dump"
to = "/system/scarlet/bin/input_dump"
hash = "sha256:2f4402f125f17fc470dd4e27ddf2d8dc11d9c7a099f69b830e1dd4a138051a82"

[sections.rootfs.layers.source]
type = "path"
path = ".scarlet/cache/git/3a6ec0c32bdfd41b/user/std-bin"

[[sections.rootfs.layers]]
kind = "cargo"
bin = "mozc_server"
to = "/system/scarlet/bin/mozc_server"
hash = "sha256:00b0b3a7dc52feac2ae9a7f600ab72d72b784d8f5e1d5d8a0204386a714f415a"

[sections.rootfs.layers.source]
type = "path"
path = ".scarlet/cache/git/3a6ec0c32bdfd41b/user/bin"

[[sections.rootfs.layers]]
kind = "cargo"
package = "user-bin"
bin = "scarlet_mozc"
to = "/system/scarlet/bin/scarlet_mozc"
hash = "sha256:afdc32cb2cd9223c90d57e33c926ed1319786481799c8267ca1485046059d7d7"

[sections.rootfs.layers.source]
type = "path"
path = ".scarlet/cache/git/3a6ec0c32bdfd41b/user/bin"

[[sections.rootfs.layers]]
kind = "cargo"
package = "user-bin"
bin = "dcp_flip_test"
to = "/system/scarlet/bin/dcp_flip_test"
hash = "sha256:fecab1dd5f0839dd8a2d13d47e58255fc7fe4d997a96f7017e2f6b85279e33b9"

[sections.rootfs.layers.source]
type = "path"
path = ".scarlet/cache/git/3a6ec0c32bdfd41b/user/bin"

[[sections.rootfs.layers]]
kind = "cargo"
git = "https://github.com/petitstrawberry/carmine"
resolved_rev = "2686a761610b261b325d00d984bfb6bbd9cfbccf"
package = "carmine"
bin = "carmine"
to = "/system/scarlet/bin/carmine"
hash = "sha256:ec902f9524519a0a0fb54c2d05ce88d778e0f7b6edd0c7f34783a16e11acbb13"

[sections.rootfs.layers.source]
type = "git"
url = "https://github.com/petitstrawberry/carmine"
rev = "2686a761610b261b325d00d984bfb6bbd9cfbccf"

[[sections.rootfs.layers]]
kind = "cargo"
git = "https://github.com/petitstrawberry/vellum"
resolved_rev = "73ec9febb165ae4d0ffca574d9e0b3f933ebc887"
package = "vellum"
bin = "vellum"
to = "/system/scarlet/bin/vellum"
hash = "sha256:4d8dfa19b997dc486d5ea7e905c704481d3494b48997b47628e922fc3d892376"

[sections.rootfs.layers.source]
type = "git"
url = "https://github.com/petitstrawberry/vellum"
rev = "73ec9febb165ae4d0ffca574d9e0b3f933ebc887"

[[sections.rootfs.layers]]
kind = "archive"
to = "/system/linux-aarch64"
format = "tar-zst"
strip_components = 1
hash = "sha256:4d94a1870a9be510987c61eb7371d35a7d31415ca49a56ecb8df74791a4e2eb0"

[sections.rootfs.layers.source]
type = "archive"
url = "https://github.com/petitstrawberry/scarlet-bundle-linux/releases/download/v0.1.0/rootfs-aarch64-v0.1.0.tar.zst"
sha256 = "sha256:4d94a1870a9be510987c61eb7371d35a7d31415ca49a56ecb8df74791a4e2eb0"

[[sections.rootfs.layers]]
kind = "archive"
to = "/system/linux-aarch64"
format = "tar-zst"
strip_components = 1
hash = "sha256:727f20be6a009329e0be7c627f4dd07904588825077e4c431c943d9555499c26"

[sections.rootfs.layers.source]
type = "archive"
url = "https://github.com/petitstrawberry/scarlet-bundle-linux/releases/download/v0.1.0/mozc-aarch64-v0.1.0.tar.zst"
sha256 = "sha256:727f20be6a009329e0be7c627f4dd07904588825077e4c431c943d9555499c26"

[[sections.rootfs.layers]]
kind = "cargo"
package = "video_player"
bin = "video_player"
features = [
    "av1-stateful-hw",
    "h264-stateful-hw",
    "h264-stateless-hw",
    "mp4-aac",
]
default-features = false
to = "/system/scarlet/bin/video_player"
hash = "sha256:eee418e9637c39ff19928ba8e766b1483b3575d76693b156b4bf913a8d082de7"

[sections.rootfs.layers.source]
type = "path"
path = ".scarlet/cache/git/3a6ec0c32bdfd41b/user/video_player"

[[sections.rootfs.layers]]
kind = "cargo"
git = "https://github.com/petitstrawberry/yt-for-scarlet"
resolved_rev = "47645c30162320903e06a83abdcb8ff7136fe594"
package = "yt"
bin = "yt"
to = "/system/scarlet/bin/yt"
hash = "sha256:5dffbbd01642715dd9ff4a7bcd19755caffa60a768a061889affaae1205f9000"

[sections.rootfs.layers.source]
type = "git"
url = "https://github.com/petitstrawberry/yt-for-scarlet"
rev = "47645c30162320903e06a83abdcb8ff7136fe594"

[[sections.rootfs.layers]]
kind = "cargo"
git = "https://github.com/petitstrawberry/yt-for-scarlet"
resolved_rev = "47645c30162320903e06a83abdcb8ff7136fe594"
package = "yt-gui"
bin = "yt-gui"
to = "/system/scarlet/bin/yt-gui"
hash = "sha256:fd1845e97bbc81ac34f3117c5863c99f4845d8d9ce4b7325d800f68b1412776c"

[sections.rootfs.layers.source]
type = "git"
url = "https://github.com/petitstrawberry/yt-for-scarlet"
rev = "47645c30162320903e06a83abdcb8ff7136fe594"

[sections.usb-rootfs]
hash = "sha256:ceb551c6265ca68d85c8c807a1b4089d0b5f98f2d93e2ace2a9b3a57384afc24"
layers = []
